// !$*UTF8*$!
{
	archiveVersion = 1;
	classes = {
	};
	objectVersion = 46;
	objects = {

/* Begin PBXBuildFile section */
		0965401A1C9E09B300B28B43 /* ViewControllerReminders.m in Sources */ = {isa = PBXBuildFile; fileRef = 096540191C9E09B300B28B43 /* ViewControllerReminders.m */; };
		09B2A1581C94B54B0081D136 /* ViewControllerPlantViews.m in Sources */ = {isa = PBXBuildFile; fileRef = 09B2A1571C94B54B0081D136 /* ViewControllerPlantViews.m */; };
		09B2A15B1C94C1C50081D136 /* ViewControllerNotes.m in Sources */ = {isa = PBXBuildFile; fileRef = 09B2A15A1C94C1C50081D136 /* ViewControllerNotes.m */; };
		1118911D1C96A7D6008EEF14 /* dirt.png in Resources */ = {isa = PBXBuildFile; fileRef = 1118911C1C96A7D6008EEF14 /* dirt.png */; };
		116827FD1CA073EB00BD03FF /* ViewControllerEditAlarm.m in Sources */ = {isa = PBXBuildFile; fileRef = 116827FC1CA073EB00BD03FF /* ViewControllerEditAlarm.m */; };
		117A28F01CA60029001AFB24 /* twitter_button.png in Resources */ = {isa = PBXBuildFile; fileRef = 117A28EF1CA60029001AFB24 /* twitter_button.png */; };
		117A28F21CA60032001AFB24 /* facebook_button.png in Resources */ = {isa = PBXBuildFile; fileRef = 117A28F11CA60032001AFB24 /* facebook_button.png */; };
		11B3F59C1CA06CC900D5F8D5 /* AVFoundation.framework in Frameworks */ = {isa = PBXBuildFile; fileRef = 11B3F59B1CA06CC900D5F8D5 /* AVFoundation.framework */; };
		11B3F59E1CA06CD000D5F8D5 /* UIKit.framework in Frameworks */ = {isa = PBXBuildFile; fileRef = 11B3F59D1CA06CD000D5F8D5 /* UIKit.framework */; };
		11B3F5A01CA06CE100D5F8D5 /* Foundation.framework in Frameworks */ = {isa = PBXBuildFile; fileRef = 11B3F59F1CA06CE100D5F8D5 /* Foundation.framework */; };
		11B3F5A21CA06CE800D5F8D5 /* CoreGraphics.framework in Frameworks */ = {isa = PBXBuildFile; fileRef = 11B3F5A11CA06CE800D5F8D5 /* CoreGraphics.framework */; };
		85918F371CA5C2F500591415 /* NotificationCenter.framework in Frameworks */ = {isa = PBXBuildFile; fileRef = 85918F361CA5C2F500591415 /* NotificationCenter.framework */; };
		85918F3D1CA5D44200591415 /* gardenAlarm.m in Sources */ = {isa = PBXBuildFile; fileRef = 85918F3C1CA5D44200591415 /* gardenAlarm.m */; };
		85918F3F1CA5F3B900591415 /* Social.framework in Frameworks */ = {isa = PBXBuildFile; fileRef = 85918F3E1CA5F3B900591415 /* Social.framework */; };
		85AE250F1C83D56C001828C0 /* GardenObject.m in Sources */ = {isa = PBXBuildFile; fileRef = 85AE250C1C83D56C001828C0 /* GardenObject.m */; };
		85AE25101C83D56C001828C0 /* PlantObject.m in Sources */ = {isa = PBXBuildFile; fileRef = 85AE250E1C83D56C001828C0 /* PlantObject.m */; };
		85AE25191C83DB2F001828C0 /* GloablObjects.m in Sources */ = {isa = PBXBuildFile; fileRef = 85AE25181C83DB2F001828C0 /* GloablObjects.m */; };
		9552DED71C87E45700633FBE /* plantData.json in Resources */ = {isa = PBXBuildFile; fileRef = 9552DED61C87E45700633FBE /* plantData.json */; };
		9567D32F1CA6C92C00A2362A /* social-media.png in Resources */ = {isa = PBXBuildFile; fileRef = 9567D32D1CA6C92C00A2362A /* social-media.png */; };
		9567D3301CA6C92C00A2362A /* square.png in Resources */ = {isa = PBXBuildFile; fileRef = 9567D32E1CA6C92C00A2362A /* square.png */; };
		9567D3381CA6CEDA00A2362A /* cam1.png in Resources */ = {isa = PBXBuildFile; fileRef = 9567D3351CA6CEDA00A2362A /* cam1.png */; };
		9567D3391CA6CEDA00A2362A /* cam2.png in Resources */ = {isa = PBXBuildFile; fileRef = 9567D3361CA6CEDA00A2362A /* cam2.png */; };
		9567D33A1CA6CEDA00A2362A /* cam3.png in Resources */ = {isa = PBXBuildFile; fileRef = 9567D3371CA6CEDA00A2362A /* cam3.png */; };
		95B8E7AE1C96429100904A96 /* gardenIconBlack.png in Resources */ = {isa = PBXBuildFile; fileRef = 95B8E7AD1C96429100904A96 /* gardenIconBlack.png */; };
		95C8B4141C962A1C00057F9A /* dirt3.png in Resources */ = {isa = PBXBuildFile; fileRef = 95C8B4131C962A1C00057F9A /* dirt3.png */; };
		95C8B4161C9630F400057F9A /* dirt3brown.png in Resources */ = {isa = PBXBuildFile; fileRef = 95C8B4151C9630F400057F9A /* dirt3brown.png */; };
		95C8B4361C96388A00057F9A /* Asparagus_44x44.png in Resources */ = {isa = PBXBuildFile; fileRef = 95C8B4171C96388A00057F9A /* Asparagus_44x44.png */; };
		95C8B4371C96388A00057F9A /* basil_44x44.png in Resources */ = {isa = PBXBuildFile; fileRef = 95C8B4181C96388A00057F9A /* basil_44x44.png */; };
		95C8B4381C96388A00057F9A /* Beans_44x44.png in Resources */ = {isa = PBXBuildFile; fileRef = 95C8B4191C96388A00057F9A /* Beans_44x44.png */; };
		95C8B4391C96388A00057F9A /* beets_44x44.png in Resources */ = {isa = PBXBuildFile; fileRef = 95C8B41A1C96388A00057F9A /* beets_44x44.png */; };
		95C8B43A1C96388A00057F9A /* broccoli_44x44.png in Resources */ = {isa = PBXBuildFile; fileRef = 95C8B41B1C96388A00057F9A /* broccoli_44x44.png */; };
		95C8B43B1C96388A00057F9A /* cabbage_44x44.png in Resources */ = {isa = PBXBuildFile; fileRef = 95C8B41C1C96388A00057F9A /* cabbage_44x44.png */; };
		95C8B43C1C96388A00057F9A /* carrots_44x44.png in Resources */ = {isa = PBXBuildFile; fileRef = 95C8B41D1C96388A00057F9A /* carrots_44x44.png */; };
		95C8B43D1C96388A00057F9A /* cauliflower_44x44.png in Resources */ = {isa = PBXBuildFile; fileRef = 95C8B41E1C96388A00057F9A /* cauliflower_44x44.png */; };
		95C8B43E1C96388A00057F9A /* chives_44x44.png in Resources */ = {isa = PBXBuildFile; fileRef = 95C8B41F1C96388A00057F9A /* chives_44x44.png */; };
		95C8B43F1C96388A00057F9A /* cilantro_44x44.png in Resources */ = {isa = PBXBuildFile; fileRef = 95C8B4201C96388A00057F9A /* cilantro_44x44.png */; };
		95C8B4401C96388A00057F9A /* corn_44x44.png in Resources */ = {isa = PBXBuildFile; fileRef = 95C8B4211C96388A00057F9A /* corn_44x44.png */; };
		95C8B4411C96388A00057F9A /* cucumber_44x44.png in Resources */ = {isa = PBXBuildFile; fileRef = 95C8B4221C96388A00057F9A /* cucumber_44x44.png */; };
		95C8B4421C96388A00057F9A /* eggplant_44x44.png in Resources */ = {isa = PBXBuildFile; fileRef = 95C8B4231C96388A00057F9A /* eggplant_44x44.png */; };
		95C8B4431C96388A00057F9A /* lettuce_44x44.png in Resources */ = {isa = PBXBuildFile; fileRef = 95C8B4241C96388A00057F9A /* lettuce_44x44.png */; };
		95C8B4441C96388A00057F9A /* mint_44x44.png in Resources */ = {isa = PBXBuildFile; fileRef = 95C8B4251C96388A00057F9A /* mint_44x44.png */; };
		95C8B4451C96388A00057F9A /* muskmelon_44x44.png in Resources */ = {isa = PBXBuildFile; fileRef = 95C8B4261C96388A00057F9A /* muskmelon_44x44.png */; };
		95C8B4461C96388A00057F9A /* okra_44x44.png in Resources */ = {isa = PBXBuildFile; fileRef = 95C8B4271C96388A00057F9A /* okra_44x44.png */; };
		95C8B4471C96388A00057F9A /* onion_44x44.png in Resources */ = {isa = PBXBuildFile; fileRef = 95C8B4281C96388A00057F9A /* onion_44x44.png */; };
		95C8B4481C96388A00057F9A /* oregano_44x44.png in Resources */ = {isa = PBXBuildFile; fileRef = 95C8B4291C96388A00057F9A /* oregano_44x44.png */; };
		95C8B4491C96388A00057F9A /* parsley_44x44.png in Resources */ = {isa = PBXBuildFile; fileRef = 95C8B42A1C96388A00057F9A /* parsley_44x44.png */; };
		95C8B44A1C96388A00057F9A /* peas_44x44.png in Resources */ = {isa = PBXBuildFile; fileRef = 95C8B42B1C96388A00057F9A /* peas_44x44.png */; };
		95C8B44B1C96388A00057F9A /* pepper_44x44.png in Resources */ = {isa = PBXBuildFile; fileRef = 95C8B42C1C96388A00057F9A /* pepper_44x44.png */; };
		95C8B44C1C96388A00057F9A /* potato_44x44.png in Resources */ = {isa = PBXBuildFile; fileRef = 95C8B42D1C96388A00057F9A /* potato_44x44.png */; };
		95C8B44D1C96388A00057F9A /* radish_44x44.png in Resources */ = {isa = PBXBuildFile; fileRef = 95C8B42E1C96388A00057F9A /* radish_44x44.png */; };
		95C8B44E1C96388A00057F9A /* spinach_44x44.png in Resources */ = {isa = PBXBuildFile; fileRef = 95C8B42F1C96388A00057F9A /* spinach_44x44.png */; };
		95C8B44F1C96388A00057F9A /* strawberries_44x44.png in Resources */ = {isa = PBXBuildFile; fileRef = 95C8B4301C96388A00057F9A /* strawberries_44x44.png */; };
		95C8B4501C96388A00057F9A /* summer squash_44x44.png in Resources */ = {isa = PBXBuildFile; fileRef = 95C8B4311C96388A00057F9A /* summer squash_44x44.png */; };
		95C8B4511C96388A00057F9A /* swiss chard_44x44.png in Resources */ = {isa = PBXBuildFile; fileRef = 95C8B4321C96388A00057F9A /* swiss chard_44x44.png */; };
		95C8B4521C96388A00057F9A /* tomato_44x44.png in Resources */ = {isa = PBXBuildFile; fileRef = 95C8B4331C96388A00057F9A /* tomato_44x44.png */; };
		95C8B4531C96388A00057F9A /* watermelon_44x44.png in Resources */ = {isa = PBXBuildFile; fileRef = 95C8B4341C96388A00057F9A /* watermelon_44x44.png */; };
		95C8B4541C96388A00057F9A /* winter squash_44x44.png in Resources */ = {isa = PBXBuildFile; fileRef = 95C8B4351C96388A00057F9A /* winter squash_44x44.png */; };
		95F51EC51C96437A00800259 /* note.png in Resources */ = {isa = PBXBuildFile; fileRef = 95F51EC41C96437A00800259 /* note.png */; };
		95F51EC71C96438300800259 /* reminderBlack.png in Resources */ = {isa = PBXBuildFile; fileRef = 95F51EC61C96438300800259 /* reminderBlack.png */; };
		95F51EC91C96447300800259 /* noteSmall.png in Resources */ = {isa = PBXBuildFile; fileRef = 95F51EC81C96447300800259 /* noteSmall.png */; };
		95F51ECE1C96472300800259 /* brown-texture-background.jpg in Resources */ = {isa = PBXBuildFile; fileRef = 95F51ECA1C96472300800259 /* brown-texture-background.jpg */; };
		95F51ECF1C96472300800259 /* dirt_texture_by_pivvauh.jpg in Resources */ = {isa = PBXBuildFile; fileRef = 95F51ECB1C96472300800259 /* dirt_texture_by_pivvauh.jpg */; };
		95F51ED01C96472300800259 /* dirt2.jpg in Resources */ = {isa = PBXBuildFile; fileRef = 95F51ECC1C96472300800259 /* dirt2.jpg */; };
		95F51ED11C96472300800259 /* dirt3darkBrown.png in Resources */ = {isa = PBXBuildFile; fileRef = 95F51ECD1C96472300800259 /* dirt3darkBrown.png */; };
		9D6549621C88AD4200841A24 /* plantDataReal.json in Resources */ = {isa = PBXBuildFile; fileRef = 9D6549611C88AD4200841A24 /* plantDataReal.json */; };
		9D65498B1C88BAF400841A24 /* asparagus.png in Resources */ = {isa = PBXBuildFile; fileRef = 9D6549631C88BAF400841A24 /* asparagus.png */; };
		9D65498C1C88BAF400841A24 /* Asparagus.png in Resources */ = {isa = PBXBuildFile; fileRef = 9D6549641C88BAF400841A24 /* Asparagus.png */; };
		9D65498D1C88BAF400841A24 /* basil.png in Resources */ = {isa = PBXBuildFile; fileRef = 9D6549651C88BAF400841A24 /* basil.png */; };
		9D65498E1C88BAF400841A24 /* beans.png in Resources */ = {isa = PBXBuildFile; fileRef = 9D6549661C88BAF400841A24 /* beans.png */; };
		9D65498F1C88BAF400841A24 /* Beans.png in Resources */ = {isa = PBXBuildFile; fileRef = 9D6549671C88BAF400841A24 /* Beans.png */; };
		9D6549901C88BAF400841A24 /* beet.png in Resources */ = {isa = PBXBuildFile; fileRef = 9D6549681C88BAF400841A24 /* beet.png */; };
		9D6549911C88BAF400841A24 /* beets.png in Resources */ = {isa = PBXBuildFile; fileRef = 9D6549691C88BAF400841A24 /* beets.png */; };
		9D6549921C88BAF400841A24 /* broccoli.png in Resources */ = {isa = PBXBuildFile; fileRef = 9D65496A1C88BAF400841A24 /* broccoli.png */; };
		9D6549931C88BAF400841A24 /* cabbage.png in Resources */ = {isa = PBXBuildFile; fileRef = 9D65496B1C88BAF400841A24 /* cabbage.png */; };
		9D6549941C88BAF400841A24 /* carrot.png in Resources */ = {isa = PBXBuildFile; fileRef = 9D65496C1C88BAF400841A24 /* carrot.png */; };
		9D6549951C88BAF400841A24 /* carrots.png in Resources */ = {isa = PBXBuildFile; fileRef = 9D65496D1C88BAF400841A24 /* carrots.png */; };
		9D6549961C88BAF400841A24 /* cauliflower.png in Resources */ = {isa = PBXBuildFile; fileRef = 9D65496E1C88BAF400841A24 /* cauliflower.png */; };
		9D6549971C88BAF400841A24 /* chives.png in Resources */ = {isa = PBXBuildFile; fileRef = 9D65496F1C88BAF400841A24 /* chives.png */; };
		9D6549981C88BAF400841A24 /* cilantro.png in Resources */ = {isa = PBXBuildFile; fileRef = 9D6549701C88BAF400841A24 /* cilantro.png */; };
		9D6549991C88BAF400841A24 /* corn.png in Resources */ = {isa = PBXBuildFile; fileRef = 9D6549711C88BAF400841A24 /* corn.png */; };
		9D65499A1C88BAF400841A24 /* cucumber.png in Resources */ = {isa = PBXBuildFile; fileRef = 9D6549721C88BAF400841A24 /* cucumber.png */; };
		9D65499B1C88BAF400841A24 /* egg-plant.png in Resources */ = {isa = PBXBuildFile; fileRef = 9D6549731C88BAF400841A24 /* egg-plant.png */; };
		9D65499C1C88BAF400841A24 /* eggplant.png in Resources */ = {isa = PBXBuildFile; fileRef = 9D6549741C88BAF400841A24 /* eggplant.png */; };
		9D65499D1C88BAF400841A24 /* lettuce.png in Resources */ = {isa = PBXBuildFile; fileRef = 9D6549751C88BAF400841A24 /* lettuce.png */; };
		9D65499E1C88BAF400841A24 /* mint.png in Resources */ = {isa = PBXBuildFile; fileRef = 9D6549761C88BAF400841A24 /* mint.png */; };
		9D65499F1C88BAF400841A24 /* muskmelon.png in Resources */ = {isa = PBXBuildFile; fileRef = 9D6549771C88BAF400841A24 /* muskmelon.png */; };
		9D6549A01C88BAF400841A24 /* okra.png in Resources */ = {isa = PBXBuildFile; fileRef = 9D6549781C88BAF400841A24 /* okra.png */; };
		9D6549A11C88BAF400841A24 /* onion.png in Resources */ = {isa = PBXBuildFile; fileRef = 9D6549791C88BAF400841A24 /* onion.png */; };
		9D6549A21C88BAF400841A24 /* oregano.png in Resources */ = {isa = PBXBuildFile; fileRef = 9D65497A1C88BAF400841A24 /* oregano.png */; };
		9D6549A31C88BAF400841A24 /* parsley.png in Resources */ = {isa = PBXBuildFile; fileRef = 9D65497B1C88BAF400841A24 /* parsley.png */; };
		9D6549A41C88BAF400841A24 /* peas.png in Resources */ = {isa = PBXBuildFile; fileRef = 9D65497C1C88BAF400841A24 /* peas.png */; };
		9D6549A51C88BAF400841A24 /* pepper.png in Resources */ = {isa = PBXBuildFile; fileRef = 9D65497D1C88BAF400841A24 /* pepper.png */; };
		9D6549A61C88BAF400841A24 /* potato.png in Resources */ = {isa = PBXBuildFile; fileRef = 9D65497E1C88BAF400841A24 /* potato.png */; };
		9D6549A71C88BAF400841A24 /* radish.png in Resources */ = {isa = PBXBuildFile; fileRef = 9D65497F1C88BAF400841A24 /* radish.png */; };
		9D6549A81C88BAF400841A24 /* spinach.png in Resources */ = {isa = PBXBuildFile; fileRef = 9D6549801C88BAF400841A24 /* spinach.png */; };
		9D6549A91C88BAF400841A24 /* strawberries.png in Resources */ = {isa = PBXBuildFile; fileRef = 9D6549811C88BAF400841A24 /* strawberries.png */; };
		9D6549AA1C88BAF400841A24 /* strawberry.png in Resources */ = {isa = PBXBuildFile; fileRef = 9D6549821C88BAF400841A24 /* strawberry.png */; };
		9D6549AB1C88BAF400841A24 /* summer squash.png in Resources */ = {isa = PBXBuildFile; fileRef = 9D6549831C88BAF400841A24 /* summer squash.png */; };
		9D6549AC1C88BAF400841A24 /* summer-squash.png in Resources */ = {isa = PBXBuildFile; fileRef = 9D6549841C88BAF400841A24 /* summer-squash.png */; };
		9D6549AD1C88BAF400841A24 /* swiss chard.png in Resources */ = {isa = PBXBuildFile; fileRef = 9D6549851C88BAF400841A24 /* swiss chard.png */; };
		9D6549AE1C88BAF400841A24 /* swiss-chard.png in Resources */ = {isa = PBXBuildFile; fileRef = 9D6549861C88BAF400841A24 /* swiss-chard.png */; };
		9D6549AF1C88BAF400841A24 /* tomato.png in Resources */ = {isa = PBXBuildFile; fileRef = 9D6549871C88BAF400841A24 /* tomato.png */; };
		9D6549B01C88BAF400841A24 /* watermelon.png in Resources */ = {isa = PBXBuildFile; fileRef = 9D6549881C88BAF400841A24 /* watermelon.png */; };
		9D6549B11C88BAF400841A24 /* winter squash.png in Resources */ = {isa = PBXBuildFile; fileRef = 9D6549891C88BAF400841A24 /* winter squash.png */; };
		9D6549B21C88BAF400841A24 /* winter-squash.png in Resources */ = {isa = PBXBuildFile; fileRef = 9D65498A1C88BAF400841A24 /* winter-squash.png */; };
		9D6549B81C88C8E700841A24 /* GardenCell.m in Sources */ = {isa = PBXBuildFile; fileRef = 9D6549B71C88C8E700841A24 /* GardenCell.m */; };
		ADC7148A1C82448400260F56 /* main.m in Sources */ = {isa = PBXBuildFile; fileRef = ADC714891C82448400260F56 /* main.m */; };
		ADC7148D1C82448400260F56 /* AppDelegate.m in Sources */ = {isa = PBXBuildFile; fileRef = ADC7148C1C82448400260F56 /* AppDelegate.m */; };
		ADC714901C82448400260F56 /* ViewController.m in Sources */ = {isa = PBXBuildFile; fileRef = ADC7148F1C82448400260F56 /* ViewController.m */; };
		ADC714931C82448400260F56 /* Main.storyboard in Resources */ = {isa = PBXBuildFile; fileRef = ADC714911C82448400260F56 /* Main.storyboard */; };
		ADC714951C82448400260F56 /* Images.xcassets in Resources */ = {isa = PBXBuildFile; fileRef = ADC714941C82448400260F56 /* Images.xcassets */; };
		ADC714981C82448400260F56 /* LaunchScreen.xib in Resources */ = {isa = PBXBuildFile; fileRef = ADC714961C82448400260F56 /* LaunchScreen.xib */; };
		ADC714A41C82448400260F56 /* Garden_messaingaroundTests.m in Sources */ = {isa = PBXBuildFile; fileRef = ADC714A31C82448400260F56 /* Garden_messaingaroundTests.m */; };
		ADC714BE1C825AB800260F56 /* ViewControllerNewGarden.m in Sources */ = {isa = PBXBuildFile; fileRef = ADC714BD1C825AB800260F56 /* ViewControllerNewGarden.m */; };
		ADC714C31C82666100260F56 /* ViewControllerDisplayGarden.m in Sources */ = {isa = PBXBuildFile; fileRef = ADC714C21C82666100260F56 /* ViewControllerDisplayGarden.m */; };
/* End PBXBuildFile section */

/* Begin PBXContainerItemProxy section */
		ADC7149E1C82448400260F56 /* PBXContainerItemProxy */ = {
			isa = PBXContainerItemProxy;
			containerPortal = ADC7147C1C82448400260F56 /* Project object */;
			proxyType = 1;
			remoteGlobalIDString = ADC714831C82448400260F56;
			remoteInfo = Garden_messaingaround;
		};
/* End PBXContainerItemProxy section */

/* Begin PBXFileReference section */
		096540181C9E09B300B28B43 /* ViewControllerReminders.h */ = {isa = PBXFileReference; fileEncoding = 4; lastKnownFileType = sourcecode.c.h; name = ViewControllerReminders.h; path = ../ViewControllerReminders.h; sourceTree = "<group>"; };
		096540191C9E09B300B28B43 /* ViewControllerReminders.m */ = {isa = PBXFileReference; fileEncoding = 4; lastKnownFileType = sourcecode.c.objc; name = ViewControllerReminders.m; path = ../ViewControllerReminders.m; sourceTree = "<group>"; };
		09B2A1561C94B54B0081D136 /* ViewControllerPlantViews.h */ = {isa = PBXFileReference; fileEncoding = 4; lastKnownFileType = sourcecode.c.h; path = ViewControllerPlantViews.h; sourceTree = "<group>"; };
		09B2A1571C94B54B0081D136 /* ViewControllerPlantViews.m */ = {isa = PBXFileReference; fileEncoding = 4; lastKnownFileType = sourcecode.c.objc; path = ViewControllerPlantViews.m; sourceTree = "<group>"; };
		09B2A1591C94C1C50081D136 /* ViewControllerNotes.h */ = {isa = PBXFileReference; fileEncoding = 4; lastKnownFileType = sourcecode.c.h; path = ViewControllerNotes.h; sourceTree = "<group>"; };
		09B2A15A1C94C1C50081D136 /* ViewControllerNotes.m */ = {isa = PBXFileReference; fileEncoding = 4; lastKnownFileType = sourcecode.c.objc; path = ViewControllerNotes.m; sourceTree = "<group>"; };
		1118911C1C96A7D6008EEF14 /* dirt.png */ = {isa = PBXFileReference; lastKnownFileType = image.png; path = dirt.png; sourceTree = "<group>"; };
		116827FB1CA073EB00BD03FF /* ViewControllerEditAlarm.h */ = {isa = PBXFileReference; fileEncoding = 4; lastKnownFileType = sourcecode.c.h; path = ViewControllerEditAlarm.h; sourceTree = "<group>"; };
		116827FC1CA073EB00BD03FF /* ViewControllerEditAlarm.m */ = {isa = PBXFileReference; fileEncoding = 4; lastKnownFileType = sourcecode.c.objc; path = ViewControllerEditAlarm.m; sourceTree = "<group>"; };
		117A28EF1CA60029001AFB24 /* twitter_button.png */ = {isa = PBXFileReference; lastKnownFileType = image.png; path = twitter_button.png; sourceTree = "<group>"; };
		117A28F11CA60032001AFB24 /* facebook_button.png */ = {isa = PBXFileReference; lastKnownFileType = image.png; path = facebook_button.png; sourceTree = "<group>"; };
		11B3F59B1CA06CC900D5F8D5 /* AVFoundation.framework */ = {isa = PBXFileReference; lastKnownFileType = wrapper.framework; name = AVFoundation.framework; path = System/Library/Frameworks/AVFoundation.framework; sourceTree = SDKROOT; };
		11B3F59D1CA06CD000D5F8D5 /* UIKit.framework */ = {isa = PBXFileReference; lastKnownFileType = wrapper.framework; name = UIKit.framework; path = System/Library/Frameworks/UIKit.framework; sourceTree = SDKROOT; };
		11B3F59F1CA06CE100D5F8D5 /* Foundation.framework */ = {isa = PBXFileReference; lastKnownFileType = wrapper.framework; name = Foundation.framework; path = System/Library/Frameworks/Foundation.framework; sourceTree = SDKROOT; };
		11B3F5A11CA06CE800D5F8D5 /* CoreGraphics.framework */ = {isa = PBXFileReference; lastKnownFileType = wrapper.framework; name = CoreGraphics.framework; path = System/Library/Frameworks/CoreGraphics.framework; sourceTree = SDKROOT; };
		85918F361CA5C2F500591415 /* NotificationCenter.framework */ = {isa = PBXFileReference; lastKnownFileType = wrapper.framework; name = NotificationCenter.framework; path = System/Library/Frameworks/NotificationCenter.framework; sourceTree = SDKROOT; };
		85918F3B1CA5D44200591415 /* gardenAlarm.h */ = {isa = PBXFileReference; fileEncoding = 4; lastKnownFileType = sourcecode.c.h; path = gardenAlarm.h; sourceTree = "<group>"; };
		85918F3C1CA5D44200591415 /* gardenAlarm.m */ = {isa = PBXFileReference; fileEncoding = 4; lastKnownFileType = sourcecode.c.objc; path = gardenAlarm.m; sourceTree = "<group>"; };
		85918F3E1CA5F3B900591415 /* Social.framework */ = {isa = PBXFileReference; lastKnownFileType = wrapper.framework; name = Social.framework; path = System/Library/Frameworks/Social.framework; sourceTree = SDKROOT; };
		85AE250B1C83D56C001828C0 /* GardenObject.h */ = {isa = PBXFileReference; fileEncoding = 4; lastKnownFileType = sourcecode.c.h; path = GardenObject.h; sourceTree = "<group>"; };
		85AE250C1C83D56C001828C0 /* GardenObject.m */ = {isa = PBXFileReference; fileEncoding = 4; lastKnownFileType = sourcecode.c.objc; path = GardenObject.m; sourceTree = "<group>"; };
		85AE250D1C83D56C001828C0 /* PlantObject.h */ = {isa = PBXFileReference; fileEncoding = 4; lastKnownFileType = sourcecode.c.h; path = PlantObject.h; sourceTree = "<group>"; };
		85AE250E1C83D56C001828C0 /* PlantObject.m */ = {isa = PBXFileReference; fileEncoding = 4; lastKnownFileType = sourcecode.c.objc; path = PlantObject.m; sourceTree = "<group>"; };
		85AE25171C83DB2F001828C0 /* GloablObjects.h */ = {isa = PBXFileReference; fileEncoding = 4; lastKnownFileType = sourcecode.c.h; path = GloablObjects.h; sourceTree = "<group>"; };
		85AE25181C83DB2F001828C0 /* GloablObjects.m */ = {isa = PBXFileReference; fileEncoding = 4; lastKnownFileType = sourcecode.c.objc; path = GloablObjects.m; sourceTree = "<group>"; };
		9552DED61C87E45700633FBE /* plantData.json */ = {isa = PBXFileReference; fileEncoding = 4; lastKnownFileType = text.json; path = plantData.json; sourceTree = "<group>"; };
		9567D32D1CA6C92C00A2362A /* social-media.png */ = {isa = PBXFileReference; lastKnownFileType = image.png; path = "social-media.png"; sourceTree = "<group>"; };
		9567D32E1CA6C92C00A2362A /* square.png */ = {isa = PBXFileReference; lastKnownFileType = image.png; path = square.png; sourceTree = "<group>"; };
		9567D3351CA6CEDA00A2362A /* cam1.png */ = {isa = PBXFileReference; lastKnownFileType = image.png; path = cam1.png; sourceTree = "<group>"; };
		9567D3361CA6CEDA00A2362A /* cam2.png */ = {isa = PBXFileReference; lastKnownFileType = image.png; path = cam2.png; sourceTree = "<group>"; };
		9567D3371CA6CEDA00A2362A /* cam3.png */ = {isa = PBXFileReference; lastKnownFileType = image.png; path = cam3.png; sourceTree = "<group>"; };
		95B8E7AD1C96429100904A96 /* gardenIconBlack.png */ = {isa = PBXFileReference; lastKnownFileType = image.png; path = gardenIconBlack.png; sourceTree = "<group>"; };
		95C8B4131C962A1C00057F9A /* dirt3.png */ = {isa = PBXFileReference; lastKnownFileType = image.png; path = dirt3.png; sourceTree = "<group>"; };
		95C8B4151C9630F400057F9A /* dirt3brown.png */ = {isa = PBXFileReference; lastKnownFileType = image.png; path = dirt3brown.png; sourceTree = "<group>"; };
		95C8B4171C96388A00057F9A /* Asparagus_44x44.png */ = {isa = PBXFileReference; lastKnownFileType = image.png; path = Asparagus_44x44.png; sourceTree = "<group>"; };
		95C8B4181C96388A00057F9A /* basil_44x44.png */ = {isa = PBXFileReference; lastKnownFileType = image.png; path = basil_44x44.png; sourceTree = "<group>"; };
		95C8B4191C96388A00057F9A /* Beans_44x44.png */ = {isa = PBXFileReference; lastKnownFileType = image.png; path = Beans_44x44.png; sourceTree = "<group>"; };
		95C8B41A1C96388A00057F9A /* beets_44x44.png */ = {isa = PBXFileReference; lastKnownFileType = image.png; path = beets_44x44.png; sourceTree = "<group>"; };
		95C8B41B1C96388A00057F9A /* broccoli_44x44.png */ = {isa = PBXFileReference; lastKnownFileType = image.png; path = broccoli_44x44.png; sourceTree = "<group>"; };
		95C8B41C1C96388A00057F9A /* cabbage_44x44.png */ = {isa = PBXFileReference; lastKnownFileType = image.png; path = cabbage_44x44.png; sourceTree = "<group>"; };
		95C8B41D1C96388A00057F9A /* carrots_44x44.png */ = {isa = PBXFileReference; lastKnownFileType = image.png; path = carrots_44x44.png; sourceTree = "<group>"; };
		95C8B41E1C96388A00057F9A /* cauliflower_44x44.png */ = {isa = PBXFileReference; lastKnownFileType = image.png; path = cauliflower_44x44.png; sourceTree = "<group>"; };
		95C8B41F1C96388A00057F9A /* chives_44x44.png */ = {isa = PBXFileReference; lastKnownFileType = image.png; path = chives_44x44.png; sourceTree = "<group>"; };
		95C8B4201C96388A00057F9A /* cilantro_44x44.png */ = {isa = PBXFileReference; lastKnownFileType = image.png; path = cilantro_44x44.png; sourceTree = "<group>"; };
		95C8B4211C96388A00057F9A /* corn_44x44.png */ = {isa = PBXFileReference; lastKnownFileType = image.png; path = corn_44x44.png; sourceTree = "<group>"; };
		95C8B4221C96388A00057F9A /* cucumber_44x44.png */ = {isa = PBXFileReference; lastKnownFileType = image.png; path = cucumber_44x44.png; sourceTree = "<group>"; };
		95C8B4231C96388A00057F9A /* eggplant_44x44.png */ = {isa = PBXFileReference; lastKnownFileType = image.png; path = eggplant_44x44.png; sourceTree = "<group>"; };
		95C8B4241C96388A00057F9A /* lettuce_44x44.png */ = {isa = PBXFileReference; lastKnownFileType = image.png; path = lettuce_44x44.png; sourceTree = "<group>"; };
		95C8B4251C96388A00057F9A /* mint_44x44.png */ = {isa = PBXFileReference; lastKnownFileType = image.png; path = mint_44x44.png; sourceTree = "<group>"; };
		95C8B4261C96388A00057F9A /* muskmelon_44x44.png */ = {isa = PBXFileReference; lastKnownFileType = image.png; path = muskmelon_44x44.png; sourceTree = "<group>"; };
		95C8B4271C96388A00057F9A /* okra_44x44.png */ = {isa = PBXFileReference; lastKnownFileType = image.png; path = okra_44x44.png; sourceTree = "<group>"; };
		95C8B4281C96388A00057F9A /* onion_44x44.png */ = {isa = PBXFileReference; lastKnownFileType = image.png; path = onion_44x44.png; sourceTree = "<group>"; };
		95C8B4291C96388A00057F9A /* oregano_44x44.png */ = {isa = PBXFileReference; lastKnownFileType = image.png; path = oregano_44x44.png; sourceTree = "<group>"; };
		95C8B42A1C96388A00057F9A /* parsley_44x44.png */ = {isa = PBXFileReference; lastKnownFileType = image.png; path = parsley_44x44.png; sourceTree = "<group>"; };
		95C8B42B1C96388A00057F9A /* peas_44x44.png */ = {isa = PBXFileReference; lastKnownFileType = image.png; path = peas_44x44.png; sourceTree = "<group>"; };
		95C8B42C1C96388A00057F9A /* pepper_44x44.png */ = {isa = PBXFileReference; lastKnownFileType = image.png; path = pepper_44x44.png; sourceTree = "<group>"; };
		95C8B42D1C96388A00057F9A /* potato_44x44.png */ = {isa = PBXFileReference; lastKnownFileType = image.png; path = potato_44x44.png; sourceTree = "<group>"; };
		95C8B42E1C96388A00057F9A /* radish_44x44.png */ = {isa = PBXFileReference; lastKnownFileType = image.png; path = radish_44x44.png; sourceTree = "<group>"; };
		95C8B42F1C96388A00057F9A /* spinach_44x44.png */ = {isa = PBXFileReference; lastKnownFileType = image.png; path = spinach_44x44.png; sourceTree = "<group>"; };
		95C8B4301C96388A00057F9A /* strawberries_44x44.png */ = {isa = PBXFileReference; lastKnownFileType = image.png; path = strawberries_44x44.png; sourceTree = "<group>"; };
		95C8B4311C96388A00057F9A /* summer squash_44x44.png */ = {isa = PBXFileReference; lastKnownFileType = image.png; path = "summer squash_44x44.png"; sourceTree = "<group>"; };
		95C8B4321C96388A00057F9A /* swiss chard_44x44.png */ = {isa = PBXFileReference; lastKnownFileType = image.png; path = "swiss chard_44x44.png"; sourceTree = "<group>"; };
		95C8B4331C96388A00057F9A /* tomato_44x44.png */ = {isa = PBXFileReference; lastKnownFileType = image.png; path = tomato_44x44.png; sourceTree = "<group>"; };
		95C8B4341C96388A00057F9A /* watermelon_44x44.png */ = {isa = PBXFileReference; lastKnownFileType = image.png; path = watermelon_44x44.png; sourceTree = "<group>"; };
		95C8B4351C96388A00057F9A /* winter squash_44x44.png */ = {isa = PBXFileReference; lastKnownFileType = image.png; path = "winter squash_44x44.png"; sourceTree = "<group>"; };
		95F51EC41C96437A00800259 /* note.png */ = {isa = PBXFileReference; lastKnownFileType = image.png; path = note.png; sourceTree = "<group>"; };
		95F51EC61C96438300800259 /* reminderBlack.png */ = {isa = PBXFileReference; lastKnownFileType = image.png; path = reminderBlack.png; sourceTree = "<group>"; };
		95F51EC81C96447300800259 /* noteSmall.png */ = {isa = PBXFileReference; lastKnownFileType = image.png; path = noteSmall.png; sourceTree = "<group>"; };
		95F51ECA1C96472300800259 /* brown-texture-background.jpg */ = {isa = PBXFileReference; lastKnownFileType = image.jpeg; path = "brown-texture-background.jpg"; sourceTree = "<group>"; };
		95F51ECB1C96472300800259 /* dirt_texture_by_pivvauh.jpg */ = {isa = PBXFileReference; lastKnownFileType = image.jpeg; path = dirt_texture_by_pivvauh.jpg; sourceTree = "<group>"; };
		95F51ECC1C96472300800259 /* dirt2.jpg */ = {isa = PBXFileReference; lastKnownFileType = image.jpeg; path = dirt2.jpg; sourceTree = "<group>"; };
		95F51ECD1C96472300800259 /* dirt3darkBrown.png */ = {isa = PBXFileReference; lastKnownFileType = image.png; path = dirt3darkBrown.png; sourceTree = "<group>"; };
		9D6549611C88AD4200841A24 /* plantDataReal.json */ = {isa = PBXFileReference; fileEncoding = 4; lastKnownFileType = text.json; path = plantDataReal.json; sourceTree = "<group>"; };
		9D6549631C88BAF400841A24 /* asparagus.png */ = {isa = PBXFileReference; lastKnownFileType = image.png; path = asparagus.png; sourceTree = "<group>"; };
		9D6549641C88BAF400841A24 /* Asparagus.png */ = {isa = PBXFileReference; lastKnownFileType = image.png; path = Asparagus.png; sourceTree = "<group>"; };
		9D6549651C88BAF400841A24 /* basil.png */ = {isa = PBXFileReference; lastKnownFileType = image.png; path = basil.png; sourceTree = "<group>"; };
		9D6549661C88BAF400841A24 /* beans.png */ = {isa = PBXFileReference; lastKnownFileType = image.png; path = beans.png; sourceTree = "<group>"; };
		9D6549671C88BAF400841A24 /* Beans.png */ = {isa = PBXFileReference; lastKnownFileType = image.png; path = Beans.png; sourceTree = "<group>"; };
		9D6549681C88BAF400841A24 /* beet.png */ = {isa = PBXFileReference; lastKnownFileType = image.png; path = beet.png; sourceTree = "<group>"; };
		9D6549691C88BAF400841A24 /* beets.png */ = {isa = PBXFileReference; lastKnownFileType = image.png; path = beets.png; sourceTree = "<group>"; };
		9D65496A1C88BAF400841A24 /* broccoli.png */ = {isa = PBXFileReference; lastKnownFileType = image.png; path = broccoli.png; sourceTree = "<group>"; };
		9D65496B1C88BAF400841A24 /* cabbage.png */ = {isa = PBXFileReference; lastKnownFileType = image.png; path = cabbage.png; sourceTree = "<group>"; };
		9D65496C1C88BAF400841A24 /* carrot.png */ = {isa = PBXFileReference; lastKnownFileType = image.png; path = carrot.png; sourceTree = "<group>"; };
		9D65496D1C88BAF400841A24 /* carrots.png */ = {isa = PBXFileReference; lastKnownFileType = image.png; path = carrots.png; sourceTree = "<group>"; };
		9D65496E1C88BAF400841A24 /* cauliflower.png */ = {isa = PBXFileReference; lastKnownFileType = image.png; path = cauliflower.png; sourceTree = "<group>"; };
		9D65496F1C88BAF400841A24 /* chives.png */ = {isa = PBXFileReference; lastKnownFileType = image.png; path = chives.png; sourceTree = "<group>"; };
		9D6549701C88BAF400841A24 /* cilantro.png */ = {isa = PBXFileReference; lastKnownFileType = image.png; path = cilantro.png; sourceTree = "<group>"; };
		9D6549711C88BAF400841A24 /* corn.png */ = {isa = PBXFileReference; lastKnownFileType = image.png; path = corn.png; sourceTree = "<group>"; };
		9D6549721C88BAF400841A24 /* cucumber.png */ = {isa = PBXFileReference; lastKnownFileType = image.png; path = cucumber.png; sourceTree = "<group>"; };
		9D6549731C88BAF400841A24 /* egg-plant.png */ = {isa = PBXFileReference; lastKnownFileType = image.png; path = "egg-plant.png"; sourceTree = "<group>"; };
		9D6549741C88BAF400841A24 /* eggplant.png */ = {isa = PBXFileReference; lastKnownFileType = image.png; path = eggplant.png; sourceTree = "<group>"; };
		9D6549751C88BAF400841A24 /* lettuce.png */ = {isa = PBXFileReference; lastKnownFileType = image.png; path = lettuce.png; sourceTree = "<group>"; };
		9D6549761C88BAF400841A24 /* mint.png */ = {isa = PBXFileReference; lastKnownFileType = image.png; path = mint.png; sourceTree = "<group>"; };
		9D6549771C88BAF400841A24 /* muskmelon.png */ = {isa = PBXFileReference; lastKnownFileType = image.png; path = muskmelon.png; sourceTree = "<group>"; };
		9D6549781C88BAF400841A24 /* okra.png */ = {isa = PBXFileReference; lastKnownFileType = image.png; path = okra.png; sourceTree = "<group>"; };
		9D6549791C88BAF400841A24 /* onion.png */ = {isa = PBXFileReference; lastKnownFileType = image.png; path = onion.png; sourceTree = "<group>"; };
		9D65497A1C88BAF400841A24 /* oregano.png */ = {isa = PBXFileReference; lastKnownFileType = image.png; path = oregano.png; sourceTree = "<group>"; };
		9D65497B1C88BAF400841A24 /* parsley.png */ = {isa = PBXFileReference; lastKnownFileType = image.png; path = parsley.png; sourceTree = "<group>"; };
		9D65497C1C88BAF400841A24 /* peas.png */ = {isa = PBXFileReference; lastKnownFileType = image.png; path = peas.png; sourceTree = "<group>"; };
		9D65497D1C88BAF400841A24 /* pepper.png */ = {isa = PBXFileReference; lastKnownFileType = image.png; path = pepper.png; sourceTree = "<group>"; };
		9D65497E1C88BAF400841A24 /* potato.png */ = {isa = PBXFileReference; lastKnownFileType = image.png; path = potato.png; sourceTree = "<group>"; };
		9D65497F1C88BAF400841A24 /* radish.png */ = {isa = PBXFileReference; lastKnownFileType = image.png; path = radish.png; sourceTree = "<group>"; };
		9D6549801C88BAF400841A24 /* spinach.png */ = {isa = PBXFileReference; lastKnownFileType = image.png; path = spinach.png; sourceTree = "<group>"; };
		9D6549811C88BAF400841A24 /* strawberries.png */ = {isa = PBXFileReference; lastKnownFileType = image.png; path = strawberries.png; sourceTree = "<group>"; };
		9D6549821C88BAF400841A24 /* strawberry.png */ = {isa = PBXFileReference; lastKnownFileType = image.png; path = strawberry.png; sourceTree = "<group>"; };
		9D6549831C88BAF400841A24 /* summer squash.png */ = {isa = PBXFileReference; lastKnownFileType = image.png; path = "summer squash.png"; sourceTree = "<group>"; };
		9D6549841C88BAF400841A24 /* summer-squash.png */ = {isa = PBXFileReference; lastKnownFileType = image.png; path = "summer-squash.png"; sourceTree = "<group>"; };
		9D6549851C88BAF400841A24 /* swiss chard.png */ = {isa = PBXFileReference; lastKnownFileType = image.png; path = "swiss chard.png"; sourceTree = "<group>"; };
		9D6549861C88BAF400841A24 /* swiss-chard.png */ = {isa = PBXFileReference; lastKnownFileType = image.png; path = "swiss-chard.png"; sourceTree = "<group>"; };
		9D6549871C88BAF400841A24 /* tomato.png */ = {isa = PBXFileReference; lastKnownFileType = image.png; path = tomato.png; sourceTree = "<group>"; };
		9D6549881C88BAF400841A24 /* watermelon.png */ = {isa = PBXFileReference; lastKnownFileType = image.png; path = watermelon.png; sourceTree = "<group>"; };
		9D6549891C88BAF400841A24 /* winter squash.png */ = {isa = PBXFileReference; lastKnownFileType = image.png; path = "winter squash.png"; sourceTree = "<group>"; };
		9D65498A1C88BAF400841A24 /* winter-squash.png */ = {isa = PBXFileReference; lastKnownFileType = image.png; path = "winter-squash.png"; sourceTree = "<group>"; };
		9D6549B61C88C8E700841A24 /* GardenCell.h */ = {isa = PBXFileReference; fileEncoding = 4; lastKnownFileType = sourcecode.c.h; path = GardenCell.h; sourceTree = "<group>"; };
		9D6549B71C88C8E700841A24 /* GardenCell.m */ = {isa = PBXFileReference; fileEncoding = 4; lastKnownFileType = sourcecode.c.objc; path = GardenCell.m; sourceTree = "<group>"; };
		ADC714841C82448400260F56 /* Garden_messaingaround.app */ = {isa = PBXFileReference; explicitFileType = wrapper.application; includeInIndex = 0; path = Garden_messaingaround.app; sourceTree = BUILT_PRODUCTS_DIR; };
		ADC714881C82448400260F56 /* Info.plist */ = {isa = PBXFileReference; lastKnownFileType = text.plist.xml; path = Info.plist; sourceTree = "<group>"; };
		ADC714891C82448400260F56 /* main.m */ = {isa = PBXFileReference; lastKnownFileType = sourcecode.c.objc; path = main.m; sourceTree = "<group>"; };
		ADC7148B1C82448400260F56 /* AppDelegate.h */ = {isa = PBXFileReference; lastKnownFileType = sourcecode.c.h; path = AppDelegate.h; sourceTree = "<group>"; };
		ADC7148C1C82448400260F56 /* AppDelegate.m */ = {isa = PBXFileReference; lastKnownFileType = sourcecode.c.objc; path = AppDelegate.m; sourceTree = "<group>"; };
		ADC7148E1C82448400260F56 /* ViewController.h */ = {isa = PBXFileReference; lastKnownFileType = sourcecode.c.h; path = ViewController.h; sourceTree = "<group>"; };
		ADC7148F1C82448400260F56 /* ViewController.m */ = {isa = PBXFileReference; lastKnownFileType = sourcecode.c.objc; path = ViewController.m; sourceTree = "<group>"; };
		ADC714921C82448400260F56 /* Base */ = {isa = PBXFileReference; lastKnownFileType = file.storyboard; name = Base; path = Base.lproj/Main.storyboard; sourceTree = "<group>"; };
		ADC714941C82448400260F56 /* Images.xcassets */ = {isa = PBXFileReference; lastKnownFileType = folder.assetcatalog; path = Images.xcassets; sourceTree = "<group>"; };
		ADC714971C82448400260F56 /* Base */ = {isa = PBXFileReference; lastKnownFileType = file.xib; name = Base; path = Base.lproj/LaunchScreen.xib; sourceTree = "<group>"; };
		ADC7149D1C82448400260F56 /* Garden_messaingaroundTests.xctest */ = {isa = PBXFileReference; explicitFileType = wrapper.cfbundle; includeInIndex = 0; path = Garden_messaingaroundTests.xctest; sourceTree = BUILT_PRODUCTS_DIR; };
		ADC714A21C82448400260F56 /* Info.plist */ = {isa = PBXFileReference; lastKnownFileType = text.plist.xml; path = Info.plist; sourceTree = "<group>"; };
		ADC714A31C82448400260F56 /* Garden_messaingaroundTests.m */ = {isa = PBXFileReference; lastKnownFileType = sourcecode.c.objc; path = Garden_messaingaroundTests.m; sourceTree = "<group>"; };
		ADC714BC1C825AB800260F56 /* ViewControllerNewGarden.h */ = {isa = PBXFileReference; fileEncoding = 4; lastKnownFileType = sourcecode.c.h; path = ViewControllerNewGarden.h; sourceTree = "<group>"; };
		ADC714BD1C825AB800260F56 /* ViewControllerNewGarden.m */ = {isa = PBXFileReference; fileEncoding = 4; lastKnownFileType = sourcecode.c.objc; path = ViewControllerNewGarden.m; sourceTree = "<group>"; };
		ADC714BF1C8261CD00260F56 /* ViewControllerDisplayGarden.h */ = {isa = PBXFileReference; fileEncoding = 4; lastKnownFileType = sourcecode.c.h; path = ViewControllerDisplayGarden.h; sourceTree = "<group>"; };
		ADC714C21C82666100260F56 /* ViewControllerDisplayGarden.m */ = {isa = PBXFileReference; fileEncoding = 4; lastKnownFileType = sourcecode.c.objc; path = ViewControllerDisplayGarden.m; sourceTree = "<group>"; };
/* End PBXFileReference section */

/* Begin PBXFrameworksBuildPhase section */
		ADC714811C82448400260F56 /* Frameworks */ = {
			isa = PBXFrameworksBuildPhase;
			buildActionMask = 2147483647;
			files = (
				85918F3F1CA5F3B900591415 /* Social.framework in Frameworks */,
				85918F371CA5C2F500591415 /* NotificationCenter.framework in Frameworks */,
				11B3F5A21CA06CE800D5F8D5 /* CoreGraphics.framework in Frameworks */,
				11B3F5A01CA06CE100D5F8D5 /* Foundation.framework in Frameworks */,
				11B3F59E1CA06CD000D5F8D5 /* UIKit.framework in Frameworks */,
				11B3F59C1CA06CC900D5F8D5 /* AVFoundation.framework in Frameworks */,
			);
			runOnlyForDeploymentPostprocessing = 0;
		};
		ADC7149A1C82448400260F56 /* Frameworks */ = {
			isa = PBXFrameworksBuildPhase;
			buildActionMask = 2147483647;
			files = (
			);
			runOnlyForDeploymentPostprocessing = 0;
		};
/* End PBXFrameworksBuildPhase section */

/* Begin PBXGroup section */
		11B3F5A31CA06D0900D5F8D5 /* frameworks */ = {
			isa = PBXGroup;
			children = (
				11B3F5A11CA06CE800D5F8D5 /* CoreGraphics.framework */,
				11B3F59F1CA06CE100D5F8D5 /* Foundation.framework */,
				11B3F59D1CA06CD000D5F8D5 /* UIKit.framework */,
				11B3F59B1CA06CC900D5F8D5 /* AVFoundation.framework */,
			);
			name = frameworks;
			sourceTree = "<group>";
		};
		9552DED81C880DEC00633FBE /* plantImages */ = {
			isa = PBXGroup;
			children = (
				9567D3351CA6CEDA00A2362A /* cam1.png */,
				9567D3361CA6CEDA00A2362A /* cam2.png */,
				9567D3371CA6CEDA00A2362A /* cam3.png */,
				9567D32D1CA6C92C00A2362A /* social-media.png */,
				9567D32E1CA6C92C00A2362A /* square.png */,
				117A28F11CA60032001AFB24 /* facebook_button.png */,
				117A28EF1CA60029001AFB24 /* twitter_button.png */,
				95C8B4171C96388A00057F9A /* Asparagus_44x44.png */,
				9D6549631C88BAF400841A24 /* asparagus.png */,
				9D6549641C88BAF400841A24 /* Asparagus.png */,
				95C8B4181C96388A00057F9A /* basil_44x44.png */,
				9D6549651C88BAF400841A24 /* basil.png */,
				95C8B4191C96388A00057F9A /* Beans_44x44.png */,
				9D6549661C88BAF400841A24 /* beans.png */,
				9D6549671C88BAF400841A24 /* Beans.png */,
				9D6549681C88BAF400841A24 /* beet.png */,
				95C8B41A1C96388A00057F9A /* beets_44x44.png */,
				9D6549691C88BAF400841A24 /* beets.png */,
				95C8B41B1C96388A00057F9A /* broccoli_44x44.png */,
				9D65496A1C88BAF400841A24 /* broccoli.png */,
				95F51ECA1C96472300800259 /* brown-texture-background.jpg */,
				95C8B41C1C96388A00057F9A /* cabbage_44x44.png */,
				9D65496B1C88BAF400841A24 /* cabbage.png */,
				9D65496C1C88BAF400841A24 /* carrot.png */,
				95C8B41D1C96388A00057F9A /* carrots_44x44.png */,
				9D65496D1C88BAF400841A24 /* carrots.png */,
				95C8B41E1C96388A00057F9A /* cauliflower_44x44.png */,
				9D65496E1C88BAF400841A24 /* cauliflower.png */,
				95C8B41F1C96388A00057F9A /* chives_44x44.png */,
				9D65496F1C88BAF400841A24 /* chives.png */,
				95C8B4201C96388A00057F9A /* cilantro_44x44.png */,
				9D6549701C88BAF400841A24 /* cilantro.png */,
				95C8B4211C96388A00057F9A /* corn_44x44.png */,
				9D6549711C88BAF400841A24 /* corn.png */,
				95C8B4221C96388A00057F9A /* cucumber_44x44.png */,
				9D6549721C88BAF400841A24 /* cucumber.png */,
				95F51ECB1C96472300800259 /* dirt_texture_by_pivvauh.jpg */,
				1118911C1C96A7D6008EEF14 /* dirt.png */,
				95F51ECC1C96472300800259 /* dirt2.jpg */,
				95C8B4131C962A1C00057F9A /* dirt3.png */,
				95C8B4151C9630F400057F9A /* dirt3brown.png */,
				95F51ECD1C96472300800259 /* dirt3darkBrown.png */,
				9D6549731C88BAF400841A24 /* egg-plant.png */,
				95C8B4231C96388A00057F9A /* eggplant_44x44.png */,
				9D6549741C88BAF400841A24 /* eggplant.png */,
				95B8E7AD1C96429100904A96 /* gardenIconBlack.png */,
				95C8B4241C96388A00057F9A /* lettuce_44x44.png */,
				9D6549751C88BAF400841A24 /* lettuce.png */,
				95C8B4251C96388A00057F9A /* mint_44x44.png */,
				9D6549761C88BAF400841A24 /* mint.png */,
				95C8B4261C96388A00057F9A /* muskmelon_44x44.png */,
				9D6549771C88BAF400841A24 /* muskmelon.png */,
				95F51EC41C96437A00800259 /* note.png */,
				95F51EC81C96447300800259 /* noteSmall.png */,
				95C8B4271C96388A00057F9A /* okra_44x44.png */,
				9D6549781C88BAF400841A24 /* okra.png */,
				95C8B4281C96388A00057F9A /* onion_44x44.png */,
				9D6549791C88BAF400841A24 /* onion.png */,
				95C8B4291C96388A00057F9A /* oregano_44x44.png */,
				9D65497A1C88BAF400841A24 /* oregano.png */,
				95C8B42A1C96388A00057F9A /* parsley_44x44.png */,
				9D65497B1C88BAF400841A24 /* parsley.png */,
				95C8B42B1C96388A00057F9A /* peas_44x44.png */,
				9D65497C1C88BAF400841A24 /* peas.png */,
				95C8B42C1C96388A00057F9A /* pepper_44x44.png */,
				9D65497D1C88BAF400841A24 /* pepper.png */,
				95C8B42D1C96388A00057F9A /* potato_44x44.png */,
				9D65497E1C88BAF400841A24 /* potato.png */,
				95C8B42E1C96388A00057F9A /* radish_44x44.png */,
				9D65497F1C88BAF400841A24 /* radish.png */,
				95F51EC61C96438300800259 /* reminderBlack.png */,
				95C8B42F1C96388A00057F9A /* spinach_44x44.png */,
				9D6549801C88BAF400841A24 /* spinach.png */,
				95C8B4301C96388A00057F9A /* strawberries_44x44.png */,
				9D6549811C88BAF400841A24 /* strawberries.png */,
				9D6549821C88BAF400841A24 /* strawberry.png */,
				95C8B4311C96388A00057F9A /* summer squash_44x44.png */,
				9D6549831C88BAF400841A24 /* summer squash.png */,
				9D6549841C88BAF400841A24 /* summer-squash.png */,
				95C8B4321C96388A00057F9A /* swiss chard_44x44.png */,
				9D6549851C88BAF400841A24 /* swiss chard.png */,
				9D6549861C88BAF400841A24 /* swiss-chard.png */,
				95C8B4331C96388A00057F9A /* tomato_44x44.png */,
				9D6549871C88BAF400841A24 /* tomato.png */,
				95C8B4341C96388A00057F9A /* watermelon_44x44.png */,
				9D6549881C88BAF400841A24 /* watermelon.png */,
				95C8B4351C96388A00057F9A /* winter squash_44x44.png */,
				9D6549891C88BAF400841A24 /* winter squash.png */,
				9D65498A1C88BAF400841A24 /* winter-squash.png */,
			);
			name = plantImages;
			sourceTree = "<group>";
		};
		ADC7147B1C82448400260F56 = {
			isa = PBXGroup;
			children = (
				85918F3E1CA5F3B900591415 /* Social.framework */,
				85918F361CA5C2F500591415 /* NotificationCenter.framework */,
				11B3F5A31CA06D0900D5F8D5 /* frameworks */,
				ADC714861C82448400260F56 /* Garden_messaingaround */,
				ADC714A01C82448400260F56 /* Garden_messaingaroundTests */,
				ADC714851C82448400260F56 /* Products */,
			);
			sourceTree = "<group>";
		};
		ADC714851C82448400260F56 /* Products */ = {
			isa = PBXGroup;
			children = (
				ADC714841C82448400260F56 /* Garden_messaingaround.app */,
				ADC7149D1C82448400260F56 /* Garden_messaingaroundTests.xctest */,
			);
			name = Products;
			sourceTree = "<group>";
		};
		ADC714861C82448400260F56 /* Garden_messaingaround */ = {
			isa = PBXGroup;
			children = (
				9552DED81C880DEC00633FBE /* plantImages */,
				9552DED61C87E45700633FBE /* plantData.json */,
				9D6549611C88AD4200841A24 /* plantDataReal.json */,
				9D6549B61C88C8E700841A24 /* GardenCell.h */,
				9D6549B71C88C8E700841A24 /* GardenCell.m */,
				ADC714BF1C8261CD00260F56 /* ViewControllerDisplayGarden.h */,
				ADC714C21C82666100260F56 /* ViewControllerDisplayGarden.m */,
				ADC714BC1C825AB800260F56 /* ViewControllerNewGarden.h */,
				ADC714BD1C825AB800260F56 /* ViewControllerNewGarden.m */,
				09B2A1561C94B54B0081D136 /* ViewControllerPlantViews.h */,
				09B2A1571C94B54B0081D136 /* ViewControllerPlantViews.m */,
				09B2A1591C94C1C50081D136 /* ViewControllerNotes.h */,
				09B2A15A1C94C1C50081D136 /* ViewControllerNotes.m */,
				096540181C9E09B300B28B43 /* ViewControllerReminders.h */,
				096540191C9E09B300B28B43 /* ViewControllerReminders.m */,
				116827FB1CA073EB00BD03FF /* ViewControllerEditAlarm.h */,
				116827FC1CA073EB00BD03FF /* ViewControllerEditAlarm.m */,
				ADC7148E1C82448400260F56 /* ViewController.h */,
				ADC7148F1C82448400260F56 /* ViewController.m */,
				85AE250B1C83D56C001828C0 /* GardenObject.h */,
				85AE250C1C83D56C001828C0 /* GardenObject.m */,
				85AE250D1C83D56C001828C0 /* PlantObject.h */,
				85AE250E1C83D56C001828C0 /* PlantObject.m */,
				85918F3B1CA5D44200591415 /* gardenAlarm.h */,
				85918F3C1CA5D44200591415 /* gardenAlarm.m */,
				ADC7148B1C82448400260F56 /* AppDelegate.h */,
				ADC7148C1C82448400260F56 /* AppDelegate.m */,
				85AE25171C83DB2F001828C0 /* GloablObjects.h */,
				85AE25181C83DB2F001828C0 /* GloablObjects.m */,
				ADC714911C82448400260F56 /* Main.storyboard */,
				ADC714941C82448400260F56 /* Images.xcassets */,
				ADC714961C82448400260F56 /* LaunchScreen.xib */,
				ADC714871C82448400260F56 /* Supporting Files */,
			);
			path = Garden_messaingaround;
			sourceTree = "<group>";
		};
		ADC714871C82448400260F56 /* Supporting Files */ = {
			isa = PBXGroup;
			children = (
				ADC714881C82448400260F56 /* Info.plist */,
				ADC714891C82448400260F56 /* main.m */,
			);
			name = "Supporting Files";
			sourceTree = "<group>";
		};
		ADC714A01C82448400260F56 /* Garden_messaingaroundTests */ = {
			isa = PBXGroup;
			children = (
				ADC714A31C82448400260F56 /* Garden_messaingaroundTests.m */,
				ADC714A11C82448400260F56 /* Supporting Files */,
			);
			path = Garden_messaingaroundTests;
			sourceTree = "<group>";
		};
		ADC714A11C82448400260F56 /* Supporting Files */ = {
			isa = PBXGroup;
			children = (
				ADC714A21C82448400260F56 /* Info.plist */,
			);
			name = "Supporting Files";
			sourceTree = "<group>";
		};
/* End PBXGroup section */

/* Begin PBXNativeTarget section */
		ADC714831C82448400260F56 /* Garden_messaingaround */ = {
			isa = PBXNativeTarget;
			buildConfigurationList = ADC714A71C82448400260F56 /* Build configuration list for PBXNativeTarget "Garden_messaingaround" */;
			buildPhases = (
				ADC714801C82448400260F56 /* Sources */,
				ADC714811C82448400260F56 /* Frameworks */,
				ADC714821C82448400260F56 /* Resources */,
			);
			buildRules = (
			);
			dependencies = (
			);
			name = Garden_messaingaround;
			productName = Garden_messaingaround;
			productReference = ADC714841C82448400260F56 /* Garden_messaingaround.app */;
			productType = "com.apple.product-type.application";
		};
		ADC7149C1C82448400260F56 /* Garden_messaingaroundTests */ = {
			isa = PBXNativeTarget;
			buildConfigurationList = ADC714AA1C82448400260F56 /* Build configuration list for PBXNativeTarget "Garden_messaingaroundTests" */;
			buildPhases = (
				ADC714991C82448400260F56 /* Sources */,
				ADC7149A1C82448400260F56 /* Frameworks */,
				ADC7149B1C82448400260F56 /* Resources */,
			);
			buildRules = (
			);
			dependencies = (
				ADC7149F1C82448400260F56 /* PBXTargetDependency */,
			);
			name = Garden_messaingaroundTests;
			productName = Garden_messaingaroundTests;
			productReference = ADC7149D1C82448400260F56 /* Garden_messaingaroundTests.xctest */;
			productType = "com.apple.product-type.bundle.unit-test";
		};
/* End PBXNativeTarget section */

/* Begin PBXProject section */
		ADC7147C1C82448400260F56 /* Project object */ = {
			isa = PBXProject;
			attributes = {
				LastUpgradeCheck = 0640;
				ORGANIZATIONNAME = "wyatt grant";
				TargetAttributes = {
					ADC714831C82448400260F56 = {
						CreatedOnToolsVersion = 6.4;
					};
					ADC7149C1C82448400260F56 = {
						CreatedOnToolsVersion = 6.4;
						TestTargetID = ADC714831C82448400260F56;
					};
				};
			};
			buildConfigurationList = ADC7147F1C82448400260F56 /* Build configuration list for PBXProject "Garden_messaingaround" */;
			compatibilityVersion = "Xcode 3.2";
			developmentRegion = English;
			hasScannedForEncodings = 0;
			knownRegions = (
				en,
				Base,
			);
			mainGroup = ADC7147B1C82448400260F56;
			productRefGroup = ADC714851C82448400260F56 /* Products */;
			projectDirPath = "";
			projectRoot = "";
			targets = (
				ADC714831C82448400260F56 /* Garden_messaingaround */,
				ADC7149C1C82448400260F56 /* Garden_messaingaroundTests */,
			);
		};
/* End PBXProject section */

/* Begin PBXResourcesBuildPhase section */
		ADC714821C82448400260F56 /* Resources */ = {
			isa = PBXResourcesBuildPhase;
			buildActionMask = 2147483647;
			files = (
				95C8B4141C962A1C00057F9A /* dirt3.png in Resources */,
				95F51EC51C96437A00800259 /* note.png in Resources */,
				95C8B44E1C96388A00057F9A /* spinach_44x44.png in Resources */,
				95C8B4411C96388A00057F9A /* cucumber_44x44.png in Resources */,
				9D65499C1C88BAF400841A24 /* eggplant.png in Resources */,
				9D6549621C88AD4200841A24 /* plantDataReal.json in Resources */,
				9D6549AB1C88BAF400841A24 /* summer squash.png in Resources */,
				9567D32F1CA6C92C00A2362A /* social-media.png in Resources */,
				9D6549A41C88BAF400841A24 /* peas.png in Resources */,
				95C8B43A1C96388A00057F9A /* broccoli_44x44.png in Resources */,
				9D65499B1C88BAF400841A24 /* egg-plant.png in Resources */,
				95C8B4471C96388A00057F9A /* onion_44x44.png in Resources */,
				95C8B4511C96388A00057F9A /* swiss chard_44x44.png in Resources */,
				9D6549A61C88BAF400841A24 /* potato.png in Resources */,
				9D6549951C88BAF400841A24 /* carrots.png in Resources */,
				117A28F21CA60032001AFB24 /* facebook_button.png in Resources */,
				95C8B4421C96388A00057F9A /* eggplant_44x44.png in Resources */,
				95C8B43C1C96388A00057F9A /* carrots_44x44.png in Resources */,
				9D6549A71C88BAF400841A24 /* radish.png in Resources */,
				9552DED71C87E45700633FBE /* plantData.json in Resources */,
				95C8B44F1C96388A00057F9A /* strawberries_44x44.png in Resources */,
				95F51ECE1C96472300800259 /* brown-texture-background.jpg in Resources */,
				9D6549AA1C88BAF400841A24 /* strawberry.png in Resources */,
				9D65498D1C88BAF400841A24 /* basil.png in Resources */,
				95C8B43D1C96388A00057F9A /* cauliflower_44x44.png in Resources */,
				ADC714931C82448400260F56 /* Main.storyboard in Resources */,
				95C8B44B1C96388A00057F9A /* pepper_44x44.png in Resources */,
				95C8B43B1C96388A00057F9A /* cabbage_44x44.png in Resources */,
				9D6549941C88BAF400841A24 /* carrot.png in Resources */,
				9567D33A1CA6CEDA00A2362A /* cam3.png in Resources */,
				95C8B43F1C96388A00057F9A /* cilantro_44x44.png in Resources */,
				95C8B4461C96388A00057F9A /* okra_44x44.png in Resources */,
				9D6549A01C88BAF400841A24 /* okra.png in Resources */,
				95C8B4481C96388A00057F9A /* oregano_44x44.png in Resources */,
				95B8E7AE1C96429100904A96 /* gardenIconBlack.png in Resources */,
				95C8B4161C9630F400057F9A /* dirt3brown.png in Resources */,
				95F51ECF1C96472300800259 /* dirt_texture_by_pivvauh.jpg in Resources */,
				9D6549A81C88BAF400841A24 /* spinach.png in Resources */,
				9D6549971C88BAF400841A24 /* chives.png in Resources */,
				9D6549991C88BAF400841A24 /* corn.png in Resources */,
				9D6549A31C88BAF400841A24 /* parsley.png in Resources */,
				95C8B4361C96388A00057F9A /* Asparagus_44x44.png in Resources */,
				9D65498C1C88BAF400841A24 /* Asparagus.png in Resources */,
				9D6549901C88BAF400841A24 /* beet.png in Resources */,
				95C8B4531C96388A00057F9A /* watermelon_44x44.png in Resources */,
				9D6549A11C88BAF400841A24 /* onion.png in Resources */,
				95C8B4541C96388A00057F9A /* winter squash_44x44.png in Resources */,
				95C8B43E1C96388A00057F9A /* chives_44x44.png in Resources */,
				9D6549B01C88BAF400841A24 /* watermelon.png in Resources */,
				9D65498E1C88BAF400841A24 /* beans.png in Resources */,
				95F51ED01C96472300800259 /* dirt2.jpg in Resources */,
				95C8B4441C96388A00057F9A /* mint_44x44.png in Resources */,
				9D6549921C88BAF400841A24 /* broccoli.png in Resources */,
				9D65499E1C88BAF400841A24 /* mint.png in Resources */,
				9D6549B11C88BAF400841A24 /* winter squash.png in Resources */,
				95F51EC91C96447300800259 /* noteSmall.png in Resources */,
				95C8B44D1C96388A00057F9A /* radish_44x44.png in Resources */,
				9D6549AC1C88BAF400841A24 /* summer-squash.png in Resources */,
				9D6549AE1C88BAF400841A24 /* swiss-chard.png in Resources */,
				9D6549A91C88BAF400841A24 /* strawberries.png in Resources */,
				95C8B4371C96388A00057F9A /* basil_44x44.png in Resources */,
				95C8B4451C96388A00057F9A /* muskmelon_44x44.png in Resources */,
				95C8B4391C96388A00057F9A /* beets_44x44.png in Resources */,
				95C8B4401C96388A00057F9A /* corn_44x44.png in Resources */,
				9D6549961C88BAF400841A24 /* cauliflower.png in Resources */,
				95C8B4501C96388A00057F9A /* summer squash_44x44.png in Resources */,
				95C8B44A1C96388A00057F9A /* peas_44x44.png in Resources */,
				95C8B4381C96388A00057F9A /* Beans_44x44.png in Resources */,
				9D65499D1C88BAF400841A24 /* lettuce.png in Resources */,
				9D6549B21C88BAF400841A24 /* winter-squash.png in Resources */,
				9D65499F1C88BAF400841A24 /* muskmelon.png in Resources */,
				9D6549981C88BAF400841A24 /* cilantro.png in Resources */,
				95C8B4431C96388A00057F9A /* lettuce_44x44.png in Resources */,
				95C8B4521C96388A00057F9A /* tomato_44x44.png in Resources */,
				9567D3301CA6C92C00A2362A /* square.png in Resources */,
				95F51ED11C96472300800259 /* dirt3darkBrown.png in Resources */,
				95C8B44C1C96388A00057F9A /* potato_44x44.png in Resources */,
				95F51EC71C96438300800259 /* reminderBlack.png in Resources */,
				9567D3391CA6CEDA00A2362A /* cam2.png in Resources */,
				1118911D1C96A7D6008EEF14 /* dirt.png in Resources */,
				9D65498F1C88BAF400841A24 /* Beans.png in Resources */,
				9D6549A21C88BAF400841A24 /* oregano.png in Resources */,
				9D6549A51C88BAF400841A24 /* pepper.png in Resources */,
				95C8B4491C96388A00057F9A /* parsley_44x44.png in Resources */,
				9D65498B1C88BAF400841A24 /* asparagus.png in Resources */,
				9D6549931C88BAF400841A24 /* cabbage.png in Resources */,
				9D6549911C88BAF400841A24 /* beets.png in Resources */,
				9567D3381CA6CEDA00A2362A /* cam1.png in Resources */,
				ADC714981C82448400260F56 /* LaunchScreen.xib in Resources */,
				117A28F01CA60029001AFB24 /* twitter_button.png in Resources */,
				9D6549AD1C88BAF400841A24 /* swiss chard.png in Resources */,
				ADC714951C82448400260F56 /* Images.xcassets in Resources */,
				9D65499A1C88BAF400841A24 /* cucumber.png in Resources */,
				9D6549AF1C88BAF400841A24 /* tomato.png in Resources */,
			);
			runOnlyForDeploymentPostprocessing = 0;
		};
		ADC7149B1C82448400260F56 /* Resources */ = {
			isa = PBXResourcesBuildPhase;
			buildActionMask = 2147483647;
			files = (
			);
			runOnlyForDeploymentPostprocessing = 0;
		};
/* End PBXResourcesBuildPhase section */

/* Begin PBXSourcesBuildPhase section */
		ADC714801C82448400260F56 /* Sources */ = {
			isa = PBXSourcesBuildPhase;
			buildActionMask = 2147483647;
			files = (
				ADC714BE1C825AB800260F56 /* ViewControllerNewGarden.m in Sources */,
				85AE25101C83D56C001828C0 /* PlantObject.m in Sources */,
				09B2A15B1C94C1C50081D136 /* ViewControllerNotes.m in Sources */,
				116827FD1CA073EB00BD03FF /* ViewControllerEditAlarm.m in Sources */,
				85918F3D1CA5D44200591415 /* gardenAlarm.m in Sources */,
				ADC714C31C82666100260F56 /* ViewControllerDisplayGarden.m in Sources */,
				0965401A1C9E09B300B28B43 /* ViewControllerReminders.m in Sources */,
				09B2A1581C94B54B0081D136 /* ViewControllerPlantViews.m in Sources */,
				ADC714901C82448400260F56 /* ViewController.m in Sources */,
				ADC7148D1C82448400260F56 /* AppDelegate.m in Sources */,
				85AE25191C83DB2F001828C0 /* GloablObjects.m in Sources */,
				9D6549B81C88C8E700841A24 /* GardenCell.m in Sources */,
				ADC7148A1C82448400260F56 /* main.m in Sources */,
				85AE250F1C83D56C001828C0 /* GardenObject.m in Sources */,
			);
			runOnlyForDeploymentPostprocessing = 0;
		};
		ADC714991C82448400260F56 /* Sources */ = {
			isa = PBXSourcesBuildPhase;
			buildActionMask = 2147483647;
			files = (
				ADC714A41C82448400260F56 /* Garden_messaingaroundTests.m in Sources */,
			);
			runOnlyForDeploymentPostprocessing = 0;
		};
/* End PBXSourcesBuildPhase section */

/* Begin PBXTargetDependency section */
		ADC7149F1C82448400260F56 /* PBXTargetDependency */ = {
			isa = PBXTargetDependency;
			target = ADC714831C82448400260F56 /* Garden_messaingaround */;
			targetProxy = ADC7149E1C82448400260F56 /* PBXContainerItemProxy */;
		};
/* End PBXTargetDependency section */

/* Begin PBXVariantGroup section */
		ADC714911C82448400260F56 /* Main.storyboard */ = {
			isa = PBXVariantGroup;
			children = (
				ADC714921C82448400260F56 /* Base */,
			);
			name = Main.storyboard;
			sourceTree = "<group>";
		};
		ADC714961C82448400260F56 /* LaunchScreen.xib */ = {
			isa = PBXVariantGroup;
			children = (
				ADC714971C82448400260F56 /* Base */,
			);
			name = LaunchScreen.xib;
			sourceTree = "<group>";
		};
/* End PBXVariantGroup section */

/* Begin XCBuildConfiguration section */
		ADC714A51C82448400260F56 /* Debug */ = {
			isa = XCBuildConfiguration;
			buildSettings = {
				ALWAYS_SEARCH_USER_PATHS = NO;
				CLANG_CXX_LANGUAGE_STANDARD = "gnu++0x";
				CLANG_CXX_LIBRARY = "libc++";
				CLANG_ENABLE_MODULES = YES;
				CLANG_ENABLE_OBJC_ARC = YES;
				CLANG_WARN_BOOL_CONVERSION = YES;
				CLANG_WARN_CONSTANT_CONVERSION = YES;
				CLANG_WARN_DIRECT_OBJC_ISA_USAGE = YES_ERROR;
				CLANG_WARN_EMPTY_BODY = YES;
				CLANG_WARN_ENUM_CONVERSION = YES;
				CLANG_WARN_INT_CONVERSION = YES;
				CLANG_WARN_OBJC_ROOT_CLASS = YES_ERROR;
				CLANG_WARN_UNREACHABLE_CODE = YES;
				CLANG_WARN__DUPLICATE_METHOD_MATCH = YES;
				"CODE_SIGN_IDENTITY[sdk=iphoneos*]" = "iPhone Developer";
				COPY_PHASE_STRIP = NO;
				DEBUG_INFORMATION_FORMAT = "dwarf-with-dsym";
				ENABLE_STRICT_OBJC_MSGSEND = YES;
				GCC_C_LANGUAGE_STANDARD = gnu99;
				GCC_DYNAMIC_NO_PIC = NO;
				GCC_NO_COMMON_BLOCKS = YES;
				GCC_OPTIMIZATION_LEVEL = 0;
				GCC_PREPROCESSOR_DEFINITIONS = (
					"DEBUG=1",
					"$(inherited)",
				);
				GCC_SYMBOLS_PRIVATE_EXTERN = NO;
				GCC_WARN_64_TO_32_BIT_CONVERSION = YES;
				GCC_WARN_ABOUT_RETURN_TYPE = YES_ERROR;
				GCC_WARN_UNDECLARED_SELECTOR = YES;
				GCC_WARN_UNINITIALIZED_AUTOS = YES_AGGRESSIVE;
				GCC_WARN_UNUSED_FUNCTION = YES;
				GCC_WARN_UNUSED_VARIABLE = YES;
				IPHONEOS_DEPLOYMENT_TARGET = 8.4;
				MTL_ENABLE_DEBUG_INFO = YES;
				ONLY_ACTIVE_ARCH = YES;
				SDKROOT = iphoneos;
				TARGETED_DEVICE_FAMILY = "1,2";
			};
			name = Debug;
		};
		ADC714A61C82448400260F56 /* Release */ = {
			isa = XCBuildConfiguration;
			buildSettings = {
				ALWAYS_SEARCH_USER_PATHS = NO;
				CLANG_CXX_LANGUAGE_STANDARD = "gnu++0x";
				CLANG_CXX_LIBRARY = "libc++";
				CLANG_ENABLE_MODULES = YES;
				CLANG_ENABLE_OBJC_ARC = YES;
				CLANG_WARN_BOOL_CONVERSION = YES;
				CLANG_WARN_CONSTANT_CONVERSION = YES;
				CLANG_WARN_DIRECT_OBJC_ISA_USAGE = YES_ERROR;
				CLANG_WARN_EMPTY_BODY = YES;
				CLANG_WARN_ENUM_CONVERSION = YES;
				CLANG_WARN_INT_CONVERSION = YES;
				CLANG_WARN_OBJC_ROOT_CLASS = YES_ERROR;
				CLANG_WARN_UNREACHABLE_CODE = YES;
				CLANG_WARN__DUPLICATE_METHOD_MATCH = YES;
				"CODE_SIGN_IDENTITY[sdk=iphoneos*]" = "iPhone Developer";
				COPY_PHASE_STRIP = NO;
				DEBUG_INFORMATION_FORMAT = "dwarf-with-dsym";
				ENABLE_NS_ASSERTIONS = NO;
				ENABLE_STRICT_OBJC_MSGSEND = YES;
				GCC_C_LANGUAGE_STANDARD = gnu99;
				GCC_NO_COMMON_BLOCKS = YES;
				GCC_WARN_64_TO_32_BIT_CONVERSION = YES;
				GCC_WARN_ABOUT_RETURN_TYPE = YES_ERROR;
				GCC_WARN_UNDECLARED_SELECTOR = YES;
				GCC_WARN_UNINITIALIZED_AUTOS = YES_AGGRESSIVE;
				GCC_WARN_UNUSED_FUNCTION = YES;
				GCC_WARN_UNUSED_VARIABLE = YES;
				IPHONEOS_DEPLOYMENT_TARGET = 8.4;
				MTL_ENABLE_DEBUG_INFO = NO;
				SDKROOT = iphoneos;
				TARGETED_DEVICE_FAMILY = "1,2";
				VALIDATE_PRODUCT = YES;
			};
			name = Release;
		};
		ADC714A81C82448400260F56 /* Debug */ = {
			isa = XCBuildConfiguration;
			buildSettings = {
				ASSETCATALOG_COMPILER_APPICON_NAME = AppIcon;
				INFOPLIST_FILE = Garden_messaingaround/Info.plist;
				IPHONEOS_DEPLOYMENT_TARGET = 8.2;
				LD_RUNPATH_SEARCH_PATHS = "$(inherited) @executable_path/Frameworks";
				PRODUCT_NAME = "$(TARGET_NAME)";
				TARGETED_DEVICE_FAMILY = 2;
			};
			name = Debug;
		};
		ADC714A91C82448400260F56 /* Release */ = {
			isa = XCBuildConfiguration;
			buildSettings = {
				ASSETCATALOG_COMPILER_APPICON_NAME = AppIcon;
				INFOPLIST_FILE = Garden_messaingaround/Info.plist;
				IPHONEOS_DEPLOYMENT_TARGET = 8.2;
				LD_RUNPATH_SEARCH_PATHS = "$(inherited) @executable_path/Frameworks";
				PRODUCT_NAME = "$(TARGET_NAME)";
				TARGETED_DEVICE_FAMILY = 2;
			};
			name = Release;
		};
		ADC714AB1C82448400260F56 /* Debug */ = {
			isa = XCBuildConfiguration;
			buildSettings = {
				BUNDLE_LOADER = "$(TEST_HOST)";
				FRAMEWORK_SEARCH_PATHS = (
					"$(SDKROOT)/Developer/Library/Frameworks",
					"$(inherited)",
				);
				GCC_PREPROCESSOR_DEFINITIONS = (
					"DEBUG=1",
					"$(inherited)",
				);
				INFOPLIST_FILE = Garden_messaingaroundTests/Info.plist;
				LD_RUNPATH_SEARCH_PATHS = "$(inherited) @executable_path/Frameworks @loader_path/Frameworks";
				PRODUCT_NAME = "$(TARGET_NAME)";
				TEST_HOST = "$(BUILT_PRODUCTS_DIR)/Garden_messaingaround.app/Garden_messaingaround";
			};
			name = Debug;
		};
		ADC714AC1C82448400260F56 /* Release */ = {
			isa = XCBuildConfiguration;
			buildSettings = {
				BUNDLE_LOADER = "$(TEST_HOST)";
				FRAMEWORK_SEARCH_PATHS = (
					"$(SDKROOT)/Developer/Library/Frameworks",
					"$(inherited)",
				);
				INFOPLIST_FILE = Garden_messaingaroundTests/Info.plist;
				LD_RUNPATH_SEARCH_PATHS = "$(inherited) @executable_path/Frameworks @loader_path/Frameworks";
				PRODUCT_NAME = "$(TARGET_NAME)";
				TEST_HOST = "$(BUILT_PRODUCTS_DIR)/Garden_messaingaround.app/Garden_messaingaround";
			};
			name = Release;
		};
/* End XCBuildConfiguration section */

/* Begin XCConfigurationList section */
		ADC7147F1C82448400260F56 /* Build configuration list for PBXProject "Garden_messaingaround" */ = {
			isa = XCConfigurationList;
			buildConfigurations = (
				ADC714A51C82448400260F56 /* Debug */,
				ADC714A61C82448400260F56 /* Release */,
			);
			defaultConfigurationIsVisible = 0;
			defaultConfigurationName = Release;
		};
		ADC714A71C82448400260F56 /* Build configuration list for PBXNativeTarget "Garden_messaingaround" */ = {
			isa = XCConfigurationList;
			buildConfigurations = (
				ADC714A81C82448400260F56 /* Debug */,
				ADC714A91C82448400260F56 /* Release */,
			);
			defaultConfigurationIsVisible = 0;
			defaultConfigurationName = Release;
		};
		ADC714AA1C82448400260F56 /* Build configuration list for PBXNativeTarget "Garden_messaingaroundTests" */ = {
			isa = XCConfigurationList;
			buildConfigurations = (
				ADC714AB1C82448400260F56 /* Debug */,
				ADC714AC1C82448400260F56 /* Release */,
			);
			defaultConfigurationIsVisible = 0;
			defaultConfigurationName = Release;
		};
/* End XCConfigurationList section */
	};
	rootObject = ADC7147C1C82448400260F56 /* Project object */;
}
