// !$*UTF8*$!
{
	archiveVersion = 1;
	classes = {
	};
	objectVersion = 46;
	objects = {

/* Begin PBXBuildFile section */
		85AE250F1C83D56C001828C0 /* GardenObject.m in Sources */ = {isa = PBXBuildFile; fileRef = 85AE250C1C83D56C001828C0 /* GardenObject.m */; };
		85AE25101C83D56C001828C0 /* PlantObject.m in Sources */ = {isa = PBXBuildFile; fileRef = 85AE250E1C83D56C001828C0 /* PlantObject.m */; };
		85AE25191C83DB2F001828C0 /* GloablObjects.m in Sources */ = {isa = PBXBuildFile; fileRef = 85AE25181C83DB2F001828C0 /* GloablObjects.m */; };
		9552DED71C87E45700633FBE /* plantData.json in Resources */ = {isa = PBXBuildFile; fileRef = 9552DED61C87E45700633FBE /* plantData.json */; };
		9552DEF21C880E1C00633FBE /* asparagus.png in Resources */ = {isa = PBXBuildFile; fileRef = 9552DED91C880E1C00633FBE /* asparagus.png */; };
		9552DEF31C880E1C00633FBE /* beans.png in Resources */ = {isa = PBXBuildFile; fileRef = 9552DEDA1C880E1C00633FBE /* beans.png */; };
		9552DEF41C880E1C00633FBE /* beet.png in Resources */ = {isa = PBXBuildFile; fileRef = 9552DEDB1C880E1C00633FBE /* beet.png */; };
		9552DEF51C880E1C00633FBE /* broccoli.png in Resources */ = {isa = PBXBuildFile; fileRef = 9552DEDC1C880E1C00633FBE /* broccoli.png */; };
		9552DEF61C880E1C00633FBE /* cabbage.png in Resources */ = {isa = PBXBuildFile; fileRef = 9552DEDD1C880E1C00633FBE /* cabbage.png */; };
		9552DEF71C880E1C00633FBE /* carrot.png in Resources */ = {isa = PBXBuildFile; fileRef = 9552DEDE1C880E1C00633FBE /* carrot.png */; };
		9552DEF81C880E1C00633FBE /* cauliflower.png in Resources */ = {isa = PBXBuildFile; fileRef = 9552DEDF1C880E1C00633FBE /* cauliflower.png */; };
		9552DEF91C880E1C00633FBE /* corn.png in Resources */ = {isa = PBXBuildFile; fileRef = 9552DEE01C880E1C00633FBE /* corn.png */; };
		9552DEFA1C880E1C00633FBE /* cucumber.png in Resources */ = {isa = PBXBuildFile; fileRef = 9552DEE11C880E1C00633FBE /* cucumber.png */; };
		9552DEFB1C880E1C00633FBE /* egg-plant.png in Resources */ = {isa = PBXBuildFile; fileRef = 9552DEE21C880E1C00633FBE /* egg-plant.png */; };
		9552DEFC1C880E1C00633FBE /* lettuce.png in Resources */ = {isa = PBXBuildFile; fileRef = 9552DEE31C880E1C00633FBE /* lettuce.png */; };
		9552DEFD1C880E1C00633FBE /* muskmelon.png in Resources */ = {isa = PBXBuildFile; fileRef = 9552DEE41C880E1C00633FBE /* muskmelon.png */; };
		9552DEFE1C880E1C00633FBE /* okra.png in Resources */ = {isa = PBXBuildFile; fileRef = 9552DEE51C880E1C00633FBE /* okra.png */; };
		9552DEFF1C880E1C00633FBE /* onion.png in Resources */ = {isa = PBXBuildFile; fileRef = 9552DEE61C880E1C00633FBE /* onion.png */; };
		9552DF001C880E1C00633FBE /* peas.png in Resources */ = {isa = PBXBuildFile; fileRef = 9552DEE71C880E1C00633FBE /* peas.png */; };
		9552DF011C880E1C00633FBE /* pepper.png in Resources */ = {isa = PBXBuildFile; fileRef = 9552DEE81C880E1C00633FBE /* pepper.png */; };
		9552DF021C880E1C00633FBE /* potato.png in Resources */ = {isa = PBXBuildFile; fileRef = 9552DEE91C880E1C00633FBE /* potato.png */; };
		9552DF031C880E1C00633FBE /* radish.png in Resources */ = {isa = PBXBuildFile; fileRef = 9552DEEA1C880E1C00633FBE /* radish.png */; };
		9552DF041C880E1C00633FBE /* spinach.png in Resources */ = {isa = PBXBuildFile; fileRef = 9552DEEB1C880E1C00633FBE /* spinach.png */; };
		9552DF051C880E1C00633FBE /* strawberry.png in Resources */ = {isa = PBXBuildFile; fileRef = 9552DEEC1C880E1C00633FBE /* strawberry.png */; };
		9552DF061C880E1C00633FBE /* summer-squash.png in Resources */ = {isa = PBXBuildFile; fileRef = 9552DEED1C880E1C00633FBE /* summer-squash.png */; };
		9552DF071C880E1C00633FBE /* swiss-chard.png in Resources */ = {isa = PBXBuildFile; fileRef = 9552DEEE1C880E1C00633FBE /* swiss-chard.png */; };
		9552DF081C880E1C00633FBE /* tomato.png in Resources */ = {isa = PBXBuildFile; fileRef = 9552DEEF1C880E1C00633FBE /* tomato.png */; };
		9552DF091C880E1C00633FBE /* watermelon.png in Resources */ = {isa = PBXBuildFile; fileRef = 9552DEF01C880E1C00633FBE /* watermelon.png */; };
		9552DF0A1C880E1C00633FBE /* winter-squash.png in Resources */ = {isa = PBXBuildFile; fileRef = 9552DEF11C880E1C00633FBE /* winter-squash.png */; };
		ADC7148A1C82448400260F56 /* main.m in Sources */ = {isa = PBXBuildFile; fileRef = ADC714891C82448400260F56 /* main.m */; };
		ADC7148D1C82448400260F56 /* AppDelegate.m in Sources */ = {isa = PBXBuildFile; fileRef = ADC7148C1C82448400260F56 /* AppDelegate.m */; };
		ADC714901C82448400260F56 /* ViewController.m in Sources */ = {isa = PBXBuildFile; fileRef = ADC7148F1C82448400260F56 /* ViewController.m */; };
		ADC714931C82448400260F56 /* Main.storyboard in Resources */ = {isa = PBXBuildFile; fileRef = ADC714911C82448400260F56 /* Main.storyboard */; };
		ADC714951C82448400260F56 /* Images.xcassets in Resources */ = {isa = PBXBuildFile; fileRef = ADC714941C82448400260F56 /* Images.xcassets */; };
		ADC714981C82448400260F56 /* LaunchScreen.xib in Resources */ = {isa = PBXBuildFile; fileRef = ADC714961C82448400260F56 /* LaunchScreen.xib */; };
		ADC714A41C82448400260F56 /* Garden_messaingaroundTests.m in Sources */ = {isa = PBXBuildFile; fileRef = ADC714A31C82448400260F56 /* Garden_messaingaroundTests.m */; };
		ADC714BE1C825AB800260F56 /* ViewControllerNewGarden.m in Sources */ = {isa = PBXBuildFile; fileRef = ADC714BD1C825AB800260F56 /* ViewControllerNewGarden.m */; };
		ADC714C31C82666100260F56 /* ViewControllerDisplayGarden.m in Sources */ = {isa = PBXBuildFile; fileRef = ADC714C21C82666100260F56 /* ViewControllerDisplayGarden.m */; };
/* End PBXBuildFile section */

/* Begin PBXContainerItemProxy section */
		ADC7149E1C82448400260F56 /* PBXContainerItemProxy */ = {
			isa = PBXContainerItemProxy;
			containerPortal = ADC7147C1C82448400260F56 /* Project object */;
			proxyType = 1;
			remoteGlobalIDString = ADC714831C82448400260F56;
			remoteInfo = Garden_messaingaround;
		};
/* End PBXContainerItemProxy section */

/* Begin PBXFileReference section */
		85AE250B1C83D56C001828C0 /* GardenObject.h */ = {isa = PBXFileReference; fileEncoding = 4; lastKnownFileType = sourcecode.c.h; path = GardenObject.h; sourceTree = "<group>"; };
		85AE250C1C83D56C001828C0 /* GardenObject.m */ = {isa = PBXFileReference; fileEncoding = 4; lastKnownFileType = sourcecode.c.objc; path = GardenObject.m; sourceTree = "<group>"; };
		85AE250D1C83D56C001828C0 /* PlantObject.h */ = {isa = PBXFileReference; fileEncoding = 4; lastKnownFileType = sourcecode.c.h; path = PlantObject.h; sourceTree = "<group>"; };
		85AE250E1C83D56C001828C0 /* PlantObject.m */ = {isa = PBXFileReference; fileEncoding = 4; lastKnownFileType = sourcecode.c.objc; path = PlantObject.m; sourceTree = "<group>"; };
		85AE25171C83DB2F001828C0 /* GloablObjects.h */ = {isa = PBXFileReference; fileEncoding = 4; lastKnownFileType = sourcecode.c.h; path = GloablObjects.h; sourceTree = "<group>"; };
		85AE25181C83DB2F001828C0 /* GloablObjects.m */ = {isa = PBXFileReference; fileEncoding = 4; lastKnownFileType = sourcecode.c.objc; path = GloablObjects.m; sourceTree = "<group>"; };
		9552DED61C87E45700633FBE /* plantData.json */ = {isa = PBXFileReference; fileEncoding = 4; lastKnownFileType = text.json; path = plantData.json; sourceTree = "<group>"; };
		9552DED91C880E1C00633FBE /* asparagus.png */ = {isa = PBXFileReference; lastKnownFileType = image.png; path = asparagus.png; sourceTree = "<group>"; };
		9552DEDA1C880E1C00633FBE /* beans.png */ = {isa = PBXFileReference; lastKnownFileType = image.png; path = beans.png; sourceTree = "<group>"; };
		9552DEDB1C880E1C00633FBE /* beet.png */ = {isa = PBXFileReference; lastKnownFileType = image.png; path = beet.png; sourceTree = "<group>"; };
		9552DEDC1C880E1C00633FBE /* broccoli.png */ = {isa = PBXFileReference; lastKnownFileType = image.png; path = broccoli.png; sourceTree = "<group>"; };
		9552DEDD1C880E1C00633FBE /* cabbage.png */ = {isa = PBXFileReference; lastKnownFileType = image.png; path = cabbage.png; sourceTree = "<group>"; };
		9552DEDE1C880E1C00633FBE /* carrot.png */ = {isa = PBXFileReference; lastKnownFileType = image.png; path = carrot.png; sourceTree = "<group>"; };
		9552DEDF1C880E1C00633FBE /* cauliflower.png */ = {isa = PBXFileReference; lastKnownFileType = image.png; path = cauliflower.png; sourceTree = "<group>"; };
		9552DEE01C880E1C00633FBE /* corn.png */ = {isa = PBXFileReference; lastKnownFileType = image.png; path = corn.png; sourceTree = "<group>"; };
		9552DEE11C880E1C00633FBE /* cucumber.png */ = {isa = PBXFileReference; lastKnownFileType = image.png; path = cucumber.png; sourceTree = "<group>"; };
		9552DEE21C880E1C00633FBE /* egg-plant.png */ = {isa = PBXFileReference; lastKnownFileType = image.png; path = "egg-plant.png"; sourceTree = "<group>"; };
		9552DEE31C880E1C00633FBE /* lettuce.png */ = {isa = PBXFileReference; lastKnownFileType = image.png; path = lettuce.png; sourceTree = "<group>"; };
		9552DEE41C880E1C00633FBE /* muskmelon.png */ = {isa = PBXFileReference; lastKnownFileType = image.png; path = muskmelon.png; sourceTree = "<group>"; };
		9552DEE51C880E1C00633FBE /* okra.png */ = {isa = PBXFileReference; lastKnownFileType = image.png; path = okra.png; sourceTree = "<group>"; };
		9552DEE61C880E1C00633FBE /* onion.png */ = {isa = PBXFileReference; lastKnownFileType = image.png; path = onion.png; sourceTree = "<group>"; };
		9552DEE71C880E1C00633FBE /* peas.png */ = {isa = PBXFileReference; lastKnownFileType = image.png; path = peas.png; sourceTree = "<group>"; };
		9552DEE81C880E1C00633FBE /* pepper.png */ = {isa = PBXFileReference; lastKnownFileType = image.png; path = pepper.png; sourceTree = "<group>"; };
		9552DEE91C880E1C00633FBE /* potato.png */ = {isa = PBXFileReference; lastKnownFileType = image.png; path = potato.png; sourceTree = "<group>"; };
		9552DEEA1C880E1C00633FBE /* radish.png */ = {isa = PBXFileReference; lastKnownFileType = image.png; path = radish.png; sourceTree = "<group>"; };
		9552DEEB1C880E1C00633FBE /* spinach.png */ = {isa = PBXFileReference; lastKnownFileType = image.png; path = spinach.png; sourceTree = "<group>"; };
		9552DEEC1C880E1C00633FBE /* strawberry.png */ = {isa = PBXFileReference; lastKnownFileType = image.png; path = strawberry.png; sourceTree = "<group>"; };
		9552DEED1C880E1C00633FBE /* summer-squash.png */ = {isa = PBXFileReference; lastKnownFileType = image.png; path = "summer-squash.png"; sourceTree = "<group>"; };
		9552DEEE1C880E1C00633FBE /* swiss-chard.png */ = {isa = PBXFileReference; lastKnownFileType = image.png; path = "swiss-chard.png"; sourceTree = "<group>"; };
		9552DEEF1C880E1C00633FBE /* tomato.png */ = {isa = PBXFileReference; lastKnownFileType = image.png; path = tomato.png; sourceTree = "<group>"; };
		9552DEF01C880E1C00633FBE /* watermelon.png */ = {isa = PBXFileReference; lastKnownFileType = image.png; path = watermelon.png; sourceTree = "<group>"; };
		9552DEF11C880E1C00633FBE /* winter-squash.png */ = {isa = PBXFileReference; lastKnownFileType = image.png; path = "winter-squash.png"; sourceTree = "<group>"; };
		ADC714841C82448400260F56 /* Garden_messaingaround.app */ = {isa = PBXFileReference; explicitFileType = wrapper.application; includeInIndex = 0; path = Garden_messaingaround.app; sourceTree = BUILT_PRODUCTS_DIR; };
		ADC714881C82448400260F56 /* Info.plist */ = {isa = PBXFileReference; lastKnownFileType = text.plist.xml; path = Info.plist; sourceTree = "<group>"; };
		ADC714891C82448400260F56 /* main.m */ = {isa = PBXFileReference; lastKnownFileType = sourcecode.c.objc; path = main.m; sourceTree = "<group>"; };
		ADC7148B1C82448400260F56 /* AppDelegate.h */ = {isa = PBXFileReference; lastKnownFileType = sourcecode.c.h; path = AppDelegate.h; sourceTree = "<group>"; };
		ADC7148C1C82448400260F56 /* AppDelegate.m */ = {isa = PBXFileReference; lastKnownFileType = sourcecode.c.objc; path = AppDelegate.m; sourceTree = "<group>"; };
		ADC7148E1C82448400260F56 /* ViewController.h */ = {isa = PBXFileReference; lastKnownFileType = sourcecode.c.h; path = ViewController.h; sourceTree = "<group>"; };
		ADC7148F1C82448400260F56 /* ViewController.m */ = {isa = PBXFileReference; lastKnownFileType = sourcecode.c.objc; path = ViewController.m; sourceTree = "<group>"; };
		ADC714921C82448400260F56 /* Base */ = {isa = PBXFileReference; lastKnownFileType = file.storyboard; name = Base; path = Base.lproj/Main.storyboard; sourceTree = "<group>"; };
		ADC714941C82448400260F56 /* Images.xcassets */ = {isa = PBXFileReference; lastKnownFileType = folder.assetcatalog; path = Images.xcassets; sourceTree = "<group>"; };
		ADC714971C82448400260F56 /* Base */ = {isa = PBXFileReference; lastKnownFileType = file.xib; name = Base; path = Base.lproj/LaunchScreen.xib; sourceTree = "<group>"; };
		ADC7149D1C82448400260F56 /* Garden_messaingaroundTests.xctest */ = {isa = PBXFileReference; explicitFileType = wrapper.cfbundle; includeInIndex = 0; path = Garden_messaingaroundTests.xctest; sourceTree = BUILT_PRODUCTS_DIR; };
		ADC714A21C82448400260F56 /* Info.plist */ = {isa = PBXFileReference; lastKnownFileType = text.plist.xml; path = Info.plist; sourceTree = "<group>"; };
		ADC714A31C82448400260F56 /* Garden_messaingaroundTests.m */ = {isa = PBXFileReference; lastKnownFileType = sourcecode.c.objc; path = Garden_messaingaroundTests.m; sourceTree = "<group>"; };
		ADC714BC1C825AB800260F56 /* ViewControllerNewGarden.h */ = {isa = PBXFileReference; fileEncoding = 4; lastKnownFileType = sourcecode.c.h; path = ViewControllerNewGarden.h; sourceTree = "<group>"; };
		ADC714BD1C825AB800260F56 /* ViewControllerNewGarden.m */ = {isa = PBXFileReference; fileEncoding = 4; lastKnownFileType = sourcecode.c.objc; path = ViewControllerNewGarden.m; sourceTree = "<group>"; };
		ADC714BF1C8261CD00260F56 /* ViewControllerDisplayGarden.h */ = {isa = PBXFileReference; fileEncoding = 4; lastKnownFileType = sourcecode.c.h; path = ViewControllerDisplayGarden.h; sourceTree = "<group>"; };
		ADC714C21C82666100260F56 /* ViewControllerDisplayGarden.m */ = {isa = PBXFileReference; fileEncoding = 4; lastKnownFileType = sourcecode.c.objc; path = ViewControllerDisplayGarden.m; sourceTree = "<group>"; };
/* End PBXFileReference section */

/* Begin PBXFrameworksBuildPhase section */
		ADC714811C82448400260F56 /* Frameworks */ = {
			isa = PBXFrameworksBuildPhase;
			buildActionMask = 2147483647;
			files = (
			);
			runOnlyForDeploymentPostprocessing = 0;
		};
		ADC7149A1C82448400260F56 /* Frameworks */ = {
			isa = PBXFrameworksBuildPhase;
			buildActionMask = 2147483647;
			files = (
			);
			runOnlyForDeploymentPostprocessing = 0;
		};
/* End PBXFrameworksBuildPhase section */

/* Begin PBXGroup section */
		9552DED81C880DEC00633FBE /* plantImages */ = {
			isa = PBXGroup;
			children = (
				9552DED91C880E1C00633FBE /* asparagus.png */,
				9552DEDA1C880E1C00633FBE /* beans.png */,
				9552DEDB1C880E1C00633FBE /* beet.png */,
				9552DEDC1C880E1C00633FBE /* broccoli.png */,
				9552DEDD1C880E1C00633FBE /* cabbage.png */,
				9552DEDE1C880E1C00633FBE /* carrot.png */,
				9552DEDF1C880E1C00633FBE /* cauliflower.png */,
				9552DEE01C880E1C00633FBE /* corn.png */,
				9552DEE11C880E1C00633FBE /* cucumber.png */,
				9552DEE21C880E1C00633FBE /* egg-plant.png */,
				9552DEE31C880E1C00633FBE /* lettuce.png */,
				9552DEE41C880E1C00633FBE /* muskmelon.png */,
				9552DEE51C880E1C00633FBE /* okra.png */,
				9552DEE61C880E1C00633FBE /* onion.png */,
				9552DEE71C880E1C00633FBE /* peas.png */,
				9552DEE81C880E1C00633FBE /* pepper.png */,
				9552DEE91C880E1C00633FBE /* potato.png */,
				9552DEEA1C880E1C00633FBE /* radish.png */,
				9552DEEB1C880E1C00633FBE /* spinach.png */,
				9552DEEC1C880E1C00633FBE /* strawberry.png */,
				9552DEED1C880E1C00633FBE /* summer-squash.png */,
				9552DEEE1C880E1C00633FBE /* swiss-chard.png */,
				9552DEEF1C880E1C00633FBE /* tomato.png */,
				9552DEF01C880E1C00633FBE /* watermelon.png */,
				9552DEF11C880E1C00633FBE /* winter-squash.png */,
			);
			name = plantImages;
			sourceTree = "<group>";
		};
		ADC7147B1C82448400260F56 = {
			isa = PBXGroup;
			children = (
				ADC714861C82448400260F56 /* Garden_messaingaround */,
				ADC714A01C82448400260F56 /* Garden_messaingaroundTests */,
				ADC714851C82448400260F56 /* Products */,
			);
			sourceTree = "<group>";
		};
		ADC714851C82448400260F56 /* Products */ = {
			isa = PBXGroup;
			children = (
				ADC714841C82448400260F56 /* Garden_messaingaround.app */,
				ADC7149D1C82448400260F56 /* Garden_messaingaroundTests.xctest */,
			);
			name = Products;
			sourceTree = "<group>";
		};
		ADC714861C82448400260F56 /* Garden_messaingaround */ = {
			isa = PBXGroup;
			children = (
				9552DED81C880DEC00633FBE /* plantImages */,
				9552DED61C87E45700633FBE /* plantData.json */,
				ADC714BF1C8261CD00260F56 /* ViewControllerDisplayGarden.h */,
				ADC714C21C82666100260F56 /* ViewControllerDisplayGarden.m */,
				ADC714BC1C825AB800260F56 /* ViewControllerNewGarden.h */,
				ADC714BD1C825AB800260F56 /* ViewControllerNewGarden.m */,
				ADC7148E1C82448400260F56 /* ViewController.h */,
				ADC7148F1C82448400260F56 /* ViewController.m */,
				85AE250B1C83D56C001828C0 /* GardenObject.h */,
				85AE250C1C83D56C001828C0 /* GardenObject.m */,
				85AE250D1C83D56C001828C0 /* PlantObject.h */,
				85AE250E1C83D56C001828C0 /* PlantObject.m */,
				ADC7148B1C82448400260F56 /* AppDelegate.h */,
				ADC7148C1C82448400260F56 /* AppDelegate.m */,
				85AE25171C83DB2F001828C0 /* GloablObjects.h */,
				85AE25181C83DB2F001828C0 /* GloablObjects.m */,
				ADC714911C82448400260F56 /* Main.storyboard */,
				ADC714941C82448400260F56 /* Images.xcassets */,
				ADC714961C82448400260F56 /* LaunchScreen.xib */,
				ADC714871C82448400260F56 /* Supporting Files */,
			);
			path = Garden_messaingaround;
			sourceTree = "<group>";
		};
		ADC714871C82448400260F56 /* Supporting Files */ = {
			isa = PBXGroup;
			children = (
				ADC714881C82448400260F56 /* Info.plist */,
				ADC714891C82448400260F56 /* main.m */,
			);
			name = "Supporting Files";
			sourceTree = "<group>";
		};
		ADC714A01C82448400260F56 /* Garden_messaingaroundTests */ = {
			isa = PBXGroup;
			children = (
				ADC714A31C82448400260F56 /* Garden_messaingaroundTests.m */,
				ADC714A11C82448400260F56 /* Supporting Files */,
			);
			path = Garden_messaingaroundTests;
			sourceTree = "<group>";
		};
		ADC714A11C82448400260F56 /* Supporting Files */ = {
			isa = PBXGroup;
			children = (
				ADC714A21C82448400260F56 /* Info.plist */,
			);
			name = "Supporting Files";
			sourceTree = "<group>";
		};
/* End PBXGroup section */

/* Begin PBXNativeTarget section */
		ADC714831C82448400260F56 /* Garden_messaingaround */ = {
			isa = PBXNativeTarget;
			buildConfigurationList = ADC714A71C82448400260F56 /* Build configuration list for PBXNativeTarget "Garden_messaingaround" */;
			buildPhases = (
				ADC714801C82448400260F56 /* Sources */,
				ADC714811C82448400260F56 /* Frameworks */,
				ADC714821C82448400260F56 /* Resources */,
			);
			buildRules = (
			);
			dependencies = (
			);
			name = Garden_messaingaround;
			productName = Garden_messaingaround;
			productReference = ADC714841C82448400260F56 /* Garden_messaingaround.app */;
			productType = "com.apple.product-type.application";
		};
		ADC7149C1C82448400260F56 /* Garden_messaingaroundTests */ = {
			isa = PBXNativeTarget;
			buildConfigurationList = ADC714AA1C82448400260F56 /* Build configuration list for PBXNativeTarget "Garden_messaingaroundTests" */;
			buildPhases = (
				ADC714991C82448400260F56 /* Sources */,
				ADC7149A1C82448400260F56 /* Frameworks */,
				ADC7149B1C82448400260F56 /* Resources */,
			);
			buildRules = (
			);
			dependencies = (
				ADC7149F1C82448400260F56 /* PBXTargetDependency */,
			);
			name = Garden_messaingaroundTests;
			productName = Garden_messaingaroundTests;
			productReference = ADC7149D1C82448400260F56 /* Garden_messaingaroundTests.xctest */;
			productType = "com.apple.product-type.bundle.unit-test";
		};
/* End PBXNativeTarget section */

/* Begin PBXProject section */
		ADC7147C1C82448400260F56 /* Project object */ = {
			isa = PBXProject;
			attributes = {
				LastUpgradeCheck = 0640;
				ORGANIZATIONNAME = "wyatt grant";
				TargetAttributes = {
					ADC714831C82448400260F56 = {
						CreatedOnToolsVersion = 6.4;
					};
					ADC7149C1C82448400260F56 = {
						CreatedOnToolsVersion = 6.4;
						TestTargetID = ADC714831C82448400260F56;
					};
				};
			};
			buildConfigurationList = ADC7147F1C82448400260F56 /* Build configuration list for PBXProject "Garden_messaingaround" */;
			compatibilityVersion = "Xcode 3.2";
			developmentRegion = English;
			hasScannedForEncodings = 0;
			knownRegions = (
				en,
				Base,
			);
			mainGroup = ADC7147B1C82448400260F56;
			productRefGroup = ADC714851C82448400260F56 /* Products */;
			projectDirPath = "";
			projectRoot = "";
			targets = (
				ADC714831C82448400260F56 /* Garden_messaingaround */,
				ADC7149C1C82448400260F56 /* Garden_messaingaroundTests */,
			);
		};
/* End PBXProject section */

/* Begin PBXResourcesBuildPhase section */
		ADC714821C82448400260F56 /* Resources */ = {
			isa = PBXResourcesBuildPhase;
			buildActionMask = 2147483647;
			files = (
				9552DEF21C880E1C00633FBE /* asparagus.png in Resources */,
				9552DF061C880E1C00633FBE /* summer-squash.png in Resources */,
				9552DEFC1C880E1C00633FBE /* lettuce.png in Resources */,
				9552DF081C880E1C00633FBE /* tomato.png in Resources */,
				9552DED71C87E45700633FBE /* plantData.json in Resources */,
				ADC714931C82448400260F56 /* Main.storyboard in Resources */,
				9552DEFB1C880E1C00633FBE /* egg-plant.png in Resources */,
				9552DEF31C880E1C00633FBE /* beans.png in Resources */,
				9552DF021C880E1C00633FBE /* potato.png in Resources */,
				9552DEF81C880E1C00633FBE /* cauliflower.png in Resources */,
				9552DEFF1C880E1C00633FBE /* onion.png in Resources */,
				9552DF041C880E1C00633FBE /* spinach.png in Resources */,
				9552DEF91C880E1C00633FBE /* corn.png in Resources */,
				9552DF011C880E1C00633FBE /* pepper.png in Resources */,
				9552DEF51C880E1C00633FBE /* broccoli.png in Resources */,
				9552DF031C880E1C00633FBE /* radish.png in Resources */,
				9552DF051C880E1C00633FBE /* strawberry.png in Resources */,
				9552DF0A1C880E1C00633FBE /* winter-squash.png in Resources */,
				9552DF071C880E1C00633FBE /* swiss-chard.png in Resources */,
				9552DEFE1C880E1C00633FBE /* okra.png in Resources */,
				9552DEF41C880E1C00633FBE /* beet.png in Resources */,
				9552DF001C880E1C00633FBE /* peas.png in Resources */,
				ADC714981C82448400260F56 /* LaunchScreen.xib in Resources */,
				9552DEFD1C880E1C00633FBE /* muskmelon.png in Resources */,
				ADC714951C82448400260F56 /* Images.xcassets in Resources */,
				9552DEF71C880E1C00633FBE /* carrot.png in Resources */,
				9552DEFA1C880E1C00633FBE /* cucumber.png in Resources */,
				9552DEF61C880E1C00633FBE /* cabbage.png in Resources */,
				9552DF091C880E1C00633FBE /* watermelon.png in Resources */,
			);
			runOnlyForDeploymentPostprocessing = 0;
		};
		ADC7149B1C82448400260F56 /* Resources */ = {
			isa = PBXResourcesBuildPhase;
			buildActionMask = 2147483647;
			files = (
			);
			runOnlyForDeploymentPostprocessing = 0;
		};
/* End PBXResourcesBuildPhase section */

/* Begin PBXSourcesBuildPhase section */
		ADC714801C82448400260F56 /* Sources */ = {
			isa = PBXSourcesBuildPhase;
			buildActionMask = 2147483647;
			files = (
				ADC714BE1C825AB800260F56 /* ViewControllerNewGarden.m in Sources */,
				85AE25101C83D56C001828C0 /* PlantObject.m in Sources */,
				ADC714C31C82666100260F56 /* ViewControllerDisplayGarden.m in Sources */,
				ADC714901C82448400260F56 /* ViewController.m in Sources */,
				ADC7148D1C82448400260F56 /* AppDelegate.m in Sources */,
				85AE25191C83DB2F001828C0 /* GloablObjects.m in Sources */,
				ADC7148A1C82448400260F56 /* main.m in Sources */,
				85AE250F1C83D56C001828C0 /* GardenObject.m in Sources */,
			);
			runOnlyForDeploymentPostprocessing = 0;
		};
		ADC714991C82448400260F56 /* Sources */ = {
			isa = PBXSourcesBuildPhase;
			buildActionMask = 2147483647;
			files = (
				ADC714A41C82448400260F56 /* Garden_messaingaroundTests.m in Sources */,
			);
			runOnlyForDeploymentPostprocessing = 0;
		};
/* End PBXSourcesBuildPhase section */

/* Begin PBXTargetDependency section */
		ADC7149F1C82448400260F56 /* PBXTargetDependency */ = {
			isa = PBXTargetDependency;
			target = ADC714831C82448400260F56 /* Garden_messaingaround */;
			targetProxy = ADC7149E1C82448400260F56 /* PBXContainerItemProxy */;
		};
/* End PBXTargetDependency section */

/* Begin PBXVariantGroup section */
		ADC714911C82448400260F56 /* Main.storyboard */ = {
			isa = PBXVariantGroup;
			children = (
				ADC714921C82448400260F56 /* Base */,
			);
			name = Main.storyboard;
			sourceTree = "<group>";
		};
		ADC714961C82448400260F56 /* LaunchScreen.xib */ = {
			isa = PBXVariantGroup;
			children = (
				ADC714971C82448400260F56 /* Base */,
			);
			name = LaunchScreen.xib;
			sourceTree = "<group>";
		};
/* End PBXVariantGroup section */

/* Begin XCBuildConfiguration section */
		ADC714A51C82448400260F56 /* Debug */ = {
			isa = XCBuildConfiguration;
			buildSettings = {
				ALWAYS_SEARCH_USER_PATHS = NO;
				CLANG_CXX_LANGUAGE_STANDARD = "gnu++0x";
				CLANG_CXX_LIBRARY = "libc++";
				CLANG_ENABLE_MODULES = YES;
				CLANG_ENABLE_OBJC_ARC = YES;
				CLANG_WARN_BOOL_CONVERSION = YES;
				CLANG_WARN_CONSTANT_CONVERSION = YES;
				CLANG_WARN_DIRECT_OBJC_ISA_USAGE = YES_ERROR;
				CLANG_WARN_EMPTY_BODY = YES;
				CLANG_WARN_ENUM_CONVERSION = YES;
				CLANG_WARN_INT_CONVERSION = YES;
				CLANG_WARN_OBJC_ROOT_CLASS = YES_ERROR;
				CLANG_WARN_UNREACHABLE_CODE = YES;
				CLANG_WARN__DUPLICATE_METHOD_MATCH = YES;
				"CODE_SIGN_IDENTITY[sdk=iphoneos*]" = "iPhone Developer";
				COPY_PHASE_STRIP = NO;
				DEBUG_INFORMATION_FORMAT = "dwarf-with-dsym";
				ENABLE_STRICT_OBJC_MSGSEND = YES;
				GCC_C_LANGUAGE_STANDARD = gnu99;
				GCC_DYNAMIC_NO_PIC = NO;
				GCC_NO_COMMON_BLOCKS = YES;
				GCC_OPTIMIZATION_LEVEL = 0;
				GCC_PREPROCESSOR_DEFINITIONS = (
					"DEBUG=1",
					"$(inherited)",
				);
				GCC_SYMBOLS_PRIVATE_EXTERN = NO;
				GCC_WARN_64_TO_32_BIT_CONVERSION = YES;
				GCC_WARN_ABOUT_RETURN_TYPE = YES_ERROR;
				GCC_WARN_UNDECLARED_SELECTOR = YES;
				GCC_WARN_UNINITIALIZED_AUTOS = YES_AGGRESSIVE;
				GCC_WARN_UNUSED_FUNCTION = YES;
				GCC_WARN_UNUSED_VARIABLE = YES;
				IPHONEOS_DEPLOYMENT_TARGET = 8.4;
				MTL_ENABLE_DEBUG_INFO = YES;
				ONLY_ACTIVE_ARCH = YES;
				SDKROOT = iphoneos;
				TARGETED_DEVICE_FAMILY = "1,2";
			};
			name = Debug;
		};
		ADC714A61C82448400260F56 /* Release */ = {
			isa = XCBuildConfiguration;
			buildSettings = {
				ALWAYS_SEARCH_USER_PATHS = NO;
				CLANG_CXX_LANGUAGE_STANDARD = "gnu++0x";
				CLANG_CXX_LIBRARY = "libc++";
				CLANG_ENABLE_MODULES = YES;
				CLANG_ENABLE_OBJC_ARC = YES;
				CLANG_WARN_BOOL_CONVERSION = YES;
				CLANG_WARN_CONSTANT_CONVERSION = YES;
				CLANG_WARN_DIRECT_OBJC_ISA_USAGE = YES_ERROR;
				CLANG_WARN_EMPTY_BODY = YES;
				CLANG_WARN_ENUM_CONVERSION = YES;
				CLANG_WARN_INT_CONVERSION = YES;
				CLANG_WARN_OBJC_ROOT_CLASS = YES_ERROR;
				CLANG_WARN_UNREACHABLE_CODE = YES;
				CLANG_WARN__DUPLICATE_METHOD_MATCH = YES;
				"CODE_SIGN_IDENTITY[sdk=iphoneos*]" = "iPhone Developer";
				COPY_PHASE_STRIP = NO;
				DEBUG_INFORMATION_FORMAT = "dwarf-with-dsym";
				ENABLE_NS_ASSERTIONS = NO;
				ENABLE_STRICT_OBJC_MSGSEND = YES;
				GCC_C_LANGUAGE_STANDARD = gnu99;
				GCC_NO_COMMON_BLOCKS = YES;
				GCC_WARN_64_TO_32_BIT_CONVERSION = YES;
				GCC_WARN_ABOUT_RETURN_TYPE = YES_ERROR;
				GCC_WARN_UNDECLARED_SELECTOR = YES;
				GCC_WARN_UNINITIALIZED_AUTOS = YES_AGGRESSIVE;
				GCC_WARN_UNUSED_FUNCTION = YES;
				GCC_WARN_UNUSED_VARIABLE = YES;
				IPHONEOS_DEPLOYMENT_TARGET = 8.4;
				MTL_ENABLE_DEBUG_INFO = NO;
				SDKROOT = iphoneos;
				TARGETED_DEVICE_FAMILY = "1,2";
				VALIDATE_PRODUCT = YES;
			};
			name = Release;
		};
		ADC714A81C82448400260F56 /* Debug */ = {
			isa = XCBuildConfiguration;
			buildSettings = {
				ASSETCATALOG_COMPILER_APPICON_NAME = AppIcon;
				INFOPLIST_FILE = Garden_messaingaround/Info.plist;
				LD_RUNPATH_SEARCH_PATHS = "$(inherited) @executable_path/Frameworks";
				PRODUCT_NAME = "$(TARGET_NAME)";
				TARGETED_DEVICE_FAMILY = 2;
			};
			name = Debug;
		};
		ADC714A91C82448400260F56 /* Release */ = {
			isa = XCBuildConfiguration;
			buildSettings = {
				ASSETCATALOG_COMPILER_APPICON_NAME = AppIcon;
				INFOPLIST_FILE = Garden_messaingaround/Info.plist;
				LD_RUNPATH_SEARCH_PATHS = "$(inherited) @executable_path/Frameworks";
				PRODUCT_NAME = "$(TARGET_NAME)";
				TARGETED_DEVICE_FAMILY = 2;
			};
			name = Release;
		};
		ADC714AB1C82448400260F56 /* Debug */ = {
			isa = XCBuildConfiguration;
			buildSettings = {
				BUNDLE_LOADER = "$(TEST_HOST)";
				FRAMEWORK_SEARCH_PATHS = (
					"$(SDKROOT)/Developer/Library/Frameworks",
					"$(inherited)",
				);
				GCC_PREPROCESSOR_DEFINITIONS = (
					"DEBUG=1",
					"$(inherited)",
				);
				INFOPLIST_FILE = Garden_messaingaroundTests/Info.plist;
				LD_RUNPATH_SEARCH_PATHS = "$(inherited) @executable_path/Frameworks @loader_path/Frameworks";
				PRODUCT_NAME = "$(TARGET_NAME)";
				TEST_HOST = "$(BUILT_PRODUCTS_DIR)/Garden_messaingaround.app/Garden_messaingaround";
			};
			name = Debug;
		};
		ADC714AC1C82448400260F56 /* Release */ = {
			isa = XCBuildConfiguration;
			buildSettings = {
				BUNDLE_LOADER = "$(TEST_HOST)";
				FRAMEWORK_SEARCH_PATHS = (
					"$(SDKROOT)/Developer/Library/Frameworks",
					"$(inherited)",
				);
				INFOPLIST_FILE = Garden_messaingaroundTests/Info.plist;
				LD_RUNPATH_SEARCH_PATHS = "$(inherited) @executable_path/Frameworks @loader_path/Frameworks";
				PRODUCT_NAME = "$(TARGET_NAME)";
				TEST_HOST = "$(BUILT_PRODUCTS_DIR)/Garden_messaingaround.app/Garden_messaingaround";
			};
			name = Release;
		};
/* End XCBuildConfiguration section */

/* Begin XCConfigurationList section */
		ADC7147F1C82448400260F56 /* Build configuration list for PBXProject "Garden_messaingaround" */ = {
			isa = XCConfigurationList;
			buildConfigurations = (
				ADC714A51C82448400260F56 /* Debug */,
				ADC714A61C82448400260F56 /* Release */,
			);
			defaultConfigurationIsVisible = 0;
			defaultConfigurationName = Release;
		};
		ADC714A71C82448400260F56 /* Build configuration list for PBXNativeTarget "Garden_messaingaround" */ = {
			isa = XCConfigurationList;
			buildConfigurations = (
				ADC714A81C82448400260F56 /* Debug */,
				ADC714A91C82448400260F56 /* Release */,
			);
			defaultConfigurationIsVisible = 0;
			defaultConfigurationName = Release;
		};
		ADC714AA1C82448400260F56 /* Build configuration list for PBXNativeTarget "Garden_messaingaroundTests" */ = {
			isa = XCConfigurationList;
			buildConfigurations = (
				ADC714AB1C82448400260F56 /* Debug */,
				ADC714AC1C82448400260F56 /* Release */,
			);
			defaultConfigurationIsVisible = 0;
			defaultConfigurationName = Release;
		};
/* End XCConfigurationList section */
	};
	rootObject = ADC7147C1C82448400260F56 /* Project object */;
}
