// !$*UTF8*$!
{
	archiveVersion = 1;
	classes = {
	};
	objectVersion = 46;
	objects = {

/* Begin PBXBuildFile section */
		098F7CED1CB068080015811B /* shovelBigClear.png in Resources */ = {isa = PBXBuildFile; fileRef = 098F7CEC1CB068080015811B /* shovelBigClear.png */; };
		098F7CEF1CB0680D0015811B /* scaredTomato_100tall.png in Resources */ = {isa = PBXBuildFile; fileRef = 098F7CEE1CB0680D0015811B /* scaredTomato_100tall.png */; };
		098F7CF11CB06F880015811B /* summer squash.png in Resources */ = {isa = PBXBuildFile; fileRef = 098F7CF01CB06F880015811B /* summer squash.png */; };
		09B2A1581C94B54B0081D136 /* ViewControllerPlantViews.m in Sources */ = {isa = PBXBuildFile; fileRef = 09B2A1571C94B54B0081D136 /* ViewControllerPlantViews.m */; };
		09B2A15B1C94C1C50081D136 /* ViewControllerNotes.m in Sources */ = {isa = PBXBuildFile; fileRef = 09B2A15A1C94C1C50081D136 /* ViewControllerNotes.m */; };
		09CE09311CA6FBF300911F6C /* whiteCamera.png in Resources */ = {isa = PBXBuildFile; fileRef = 09CE092E1CA6FBF300911F6C /* whiteCamera.png */; };
		09CE09321CA6FBF300911F6C /* whiteFacebook.png in Resources */ = {isa = PBXBuildFile; fileRef = 09CE092F1CA6FBF300911F6C /* whiteFacebook.png */; };
		09CE09331CA6FBF300911F6C /* whiteTwitter.png in Resources */ = {isa = PBXBuildFile; fileRef = 09CE09301CA6FBF300911F6C /* whiteTwitter.png */; };
		09EB40191CBC572D00CBF75D /* cherry tomatoes.png in Resources */ = {isa = PBXBuildFile; fileRef = 09EB40121CBC572D00CBF75D /* cherry tomatoes.png */; };
		09EB401A1CBC572D00CBF75D /* hot pepper.png in Resources */ = {isa = PBXBuildFile; fileRef = 09EB40131CBC572D00CBF75D /* hot pepper.png */; };
		09EB401B1CBC572D00CBF75D /* marigold.png in Resources */ = {isa = PBXBuildFile; fileRef = 09EB40141CBC572D00CBF75D /* marigold.png */; };
		09EB401C1CBC572D00CBF75D /* nasturtium.png in Resources */ = {isa = PBXBuildFile; fileRef = 09EB40151CBC572D00CBF75D /* nasturtium.png */; };
		09EB401D1CBC572D00CBF75D /* paste tomato.png in Resources */ = {isa = PBXBuildFile; fileRef = 09EB40161CBC572D00CBF75D /* paste tomato.png */; };
		09EB401E1CBC572D00CBF75D /* romaine lettuce.png in Resources */ = {isa = PBXBuildFile; fileRef = 09EB40171CBC572D00CBF75D /* romaine lettuce.png */; };
		09EB401F1CBC572D00CBF75D /* zucchini.png in Resources */ = {isa = PBXBuildFile; fileRef = 09EB40181CBC572D00CBF75D /* zucchini.png */; };
		09EB40211CBC58F600CBF75D /* bush beans.png in Resources */ = {isa = PBXBuildFile; fileRef = 09EB40201CBC58F600CBF75D /* bush beans.png */; };
		09EB40231CBC5D4C00CBF75D /* beefsteak tomato.png in Resources */ = {isa = PBXBuildFile; fileRef = 09EB40221CBC5D4C00CBF75D /* beefsteak tomato.png */; };
		110EC4E31CB09DEC008CD8D9 /* ViewControllerReminders.m in Sources */ = {isa = PBXBuildFile; fileRef = 110EC4E21CB09DEC008CD8D9 /* ViewControllerReminders.m */; };
		116827FD1CA073EB00BD03FF /* ViewControllerEditAlarm.m in Sources */ = {isa = PBXBuildFile; fileRef = 116827FC1CA073EB00BD03FF /* ViewControllerEditAlarm.m */; };
		11B3F59C1CA06CC900D5F8D5 /* AVFoundation.framework in Frameworks */ = {isa = PBXBuildFile; fileRef = 11B3F59B1CA06CC900D5F8D5 /* AVFoundation.framework */; };
		11B3F59E1CA06CD000D5F8D5 /* UIKit.framework in Frameworks */ = {isa = PBXBuildFile; fileRef = 11B3F59D1CA06CD000D5F8D5 /* UIKit.framework */; };
		11B3F5A01CA06CE100D5F8D5 /* Foundation.framework in Frameworks */ = {isa = PBXBuildFile; fileRef = 11B3F59F1CA06CE100D5F8D5 /* Foundation.framework */; };
		11B3F5A21CA06CE800D5F8D5 /* CoreGraphics.framework in Frameworks */ = {isa = PBXBuildFile; fileRef = 11B3F5A11CA06CE800D5F8D5 /* CoreGraphics.framework */; };
		11E322201CAA0C2E00C5F4E7 /* timerBig2.png in Resources */ = {isa = PBXBuildFile; fileRef = 11E3221D1CAA0C2E00C5F4E7 /* timerBig2.png */; };
		11E322211CAA0C2E00C5F4E7 /* gardenBig2.png in Resources */ = {isa = PBXBuildFile; fileRef = 11E3221E1CAA0C2E00C5F4E7 /* gardenBig2.png */; };
		11E322221CAA0C2E00C5F4E7 /* notesBig2.png in Resources */ = {isa = PBXBuildFile; fileRef = 11E3221F1CAA0C2E00C5F4E7 /* notesBig2.png */; };
		85918F371CA5C2F500591415 /* NotificationCenter.framework in Frameworks */ = {isa = PBXBuildFile; fileRef = 85918F361CA5C2F500591415 /* NotificationCenter.framework */; };
		85918F3D1CA5D44200591415 /* gardenAlarm.m in Sources */ = {isa = PBXBuildFile; fileRef = 85918F3C1CA5D44200591415 /* gardenAlarm.m */; };
		85918F3F1CA5F3B900591415 /* Social.framework in Frameworks */ = {isa = PBXBuildFile; fileRef = 85918F3E1CA5F3B900591415 /* Social.framework */; };
		85A5CFA01CB03749007B74FA /* PlantData.m in Sources */ = {isa = PBXBuildFile; fileRef = 85A5CF9F1CB03749007B74FA /* PlantData.m */; };
		85A5CFA21CB07C2E007B74FA /* swiss chard.png in Resources */ = {isa = PBXBuildFile; fileRef = 85A5CFA11CB07C2E007B74FA /* swiss chard.png */; };
		85AE250F1C83D56C001828C0 /* GardenObject.m in Sources */ = {isa = PBXBuildFile; fileRef = 85AE250C1C83D56C001828C0 /* GardenObject.m */; };
		85AE25101C83D56C001828C0 /* PlantObject.m in Sources */ = {isa = PBXBuildFile; fileRef = 85AE250E1C83D56C001828C0 /* PlantObject.m */; };
		85AE25191C83DB2F001828C0 /* GloablObjects.m in Sources */ = {isa = PBXBuildFile; fileRef = 85AE25181C83DB2F001828C0 /* GloablObjects.m */; };
		95B8E7AE1C96429100904A96 /* gardenIconBlack.png in Resources */ = {isa = PBXBuildFile; fileRef = 95B8E7AD1C96429100904A96 /* gardenIconBlack.png */; };
		95C8B4161C9630F400057F9A /* dirt3brown.png in Resources */ = {isa = PBXBuildFile; fileRef = 95C8B4151C9630F400057F9A /* dirt3brown.png */; };
		95F51EC51C96437A00800259 /* note.png in Resources */ = {isa = PBXBuildFile; fileRef = 95F51EC41C96437A00800259 /* note.png */; };
		95F51EC71C96438300800259 /* reminderBlack.png in Resources */ = {isa = PBXBuildFile; fileRef = 95F51EC61C96438300800259 /* reminderBlack.png */; };
		95F51EC91C96447300800259 /* noteSmall.png in Resources */ = {isa = PBXBuildFile; fileRef = 95F51EC81C96447300800259 /* noteSmall.png */; };
		9D6549621C88AD4200841A24 /* plantDataReal.json in Resources */ = {isa = PBXBuildFile; fileRef = 9D6549611C88AD4200841A24 /* plantDataReal.json */; };
		9D65498D1C88BAF400841A24 /* basil.png in Resources */ = {isa = PBXBuildFile; fileRef = 9D6549651C88BAF400841A24 /* basil.png */; };
		9D65498E1C88BAF400841A24 /* pole beans.png in Resources */ = {isa = PBXBuildFile; fileRef = 9D6549661C88BAF400841A24 /* pole beans.png */; };
		9D6549901C88BAF400841A24 /* beet.png in Resources */ = {isa = PBXBuildFile; fileRef = 9D6549681C88BAF400841A24 /* beet.png */; };
		9D6549911C88BAF400841A24 /* beets.png in Resources */ = {isa = PBXBuildFile; fileRef = 9D6549691C88BAF400841A24 /* beets.png */; };
		9D6549921C88BAF400841A24 /* broccoli.png in Resources */ = {isa = PBXBuildFile; fileRef = 9D65496A1C88BAF400841A24 /* broccoli.png */; };
		9D6549931C88BAF400841A24 /* cabbage.png in Resources */ = {isa = PBXBuildFile; fileRef = 9D65496B1C88BAF400841A24 /* cabbage.png */; };
		9D6549941C88BAF400841A24 /* carrot.png in Resources */ = {isa = PBXBuildFile; fileRef = 9D65496C1C88BAF400841A24 /* carrot.png */; };
		9D6549951C88BAF400841A24 /* carrots.png in Resources */ = {isa = PBXBuildFile; fileRef = 9D65496D1C88BAF400841A24 /* carrots.png */; };
		9D6549961C88BAF400841A24 /* cauliflower.png in Resources */ = {isa = PBXBuildFile; fileRef = 9D65496E1C88BAF400841A24 /* cauliflower.png */; };
		9D6549971C88BAF400841A24 /* chives.png in Resources */ = {isa = PBXBuildFile; fileRef = 9D65496F1C88BAF400841A24 /* chives.png */; };
		9D6549981C88BAF400841A24 /* cilantro.png in Resources */ = {isa = PBXBuildFile; fileRef = 9D6549701C88BAF400841A24 /* cilantro.png */; };
		9D6549991C88BAF400841A24 /* corn.png in Resources */ = {isa = PBXBuildFile; fileRef = 9D6549711C88BAF400841A24 /* corn.png */; };
		9D65499A1C88BAF400841A24 /* cucumber.png in Resources */ = {isa = PBXBuildFile; fileRef = 9D6549721C88BAF400841A24 /* cucumber.png */; };
		9D65499B1C88BAF400841A24 /* egg-plant.png in Resources */ = {isa = PBXBuildFile; fileRef = 9D6549731C88BAF400841A24 /* egg-plant.png */; };
		9D65499C1C88BAF400841A24 /* eggplant.png in Resources */ = {isa = PBXBuildFile; fileRef = 9D6549741C88BAF400841A24 /* eggplant.png */; };
		9D65499D1C88BAF400841A24 /* leaf lettuce.png in Resources */ = {isa = PBXBuildFile; fileRef = 9D6549751C88BAF400841A24 /* leaf lettuce.png */; };
		9D65499E1C88BAF400841A24 /* mint.png in Resources */ = {isa = PBXBuildFile; fileRef = 9D6549761C88BAF400841A24 /* mint.png */; };
		9D65499F1C88BAF400841A24 /* muskmelon.png in Resources */ = {isa = PBXBuildFile; fileRef = 9D6549771C88BAF400841A24 /* muskmelon.png */; };
		9D6549A01C88BAF400841A24 /* okra.png in Resources */ = {isa = PBXBuildFile; fileRef = 9D6549781C88BAF400841A24 /* okra.png */; };
		9D6549A11C88BAF400841A24 /* onion.png in Resources */ = {isa = PBXBuildFile; fileRef = 9D6549791C88BAF400841A24 /* onion.png */; };
		9D6549A21C88BAF400841A24 /* oregano.png in Resources */ = {isa = PBXBuildFile; fileRef = 9D65497A1C88BAF400841A24 /* oregano.png */; };
		9D6549A31C88BAF400841A24 /* parsley.png in Resources */ = {isa = PBXBuildFile; fileRef = 9D65497B1C88BAF400841A24 /* parsley.png */; };
		9D6549A41C88BAF400841A24 /* peas.png in Resources */ = {isa = PBXBuildFile; fileRef = 9D65497C1C88BAF400841A24 /* peas.png */; };
		9D6549A51C88BAF400841A24 /* bell pepper.png in Resources */ = {isa = PBXBuildFile; fileRef = 9D65497D1C88BAF400841A24 /* bell pepper.png */; };
		9D6549A61C88BAF400841A24 /* potato.png in Resources */ = {isa = PBXBuildFile; fileRef = 9D65497E1C88BAF400841A24 /* potato.png */; };
		9D6549A71C88BAF400841A24 /* radish.png in Resources */ = {isa = PBXBuildFile; fileRef = 9D65497F1C88BAF400841A24 /* radish.png */; };
		9D6549A81C88BAF400841A24 /* spinach.png in Resources */ = {isa = PBXBuildFile; fileRef = 9D6549801C88BAF400841A24 /* spinach.png */; };
		9D6549A91C88BAF400841A24 /* strawberries.png in Resources */ = {isa = PBXBuildFile; fileRef = 9D6549811C88BAF400841A24 /* strawberries.png */; };
		9D6549AF1C88BAF400841A24 /* beefsteak tomato.png in Resources */ = {isa = PBXBuildFile; fileRef = 9D6549871C88BAF400841A24 /* beefsteak tomato.png */; };
		9D6549B01C88BAF400841A24 /* watermelon.png in Resources */ = {isa = PBXBuildFile; fileRef = 9D6549881C88BAF400841A24 /* watermelon.png */; };
		9D6549B11C88BAF400841A24 /* winter squash.png in Resources */ = {isa = PBXBuildFile; fileRef = 9D6549891C88BAF400841A24 /* winter squash.png */; };
		9D8BDFAC1CB051F900BF969D /* asparagus.png in Resources */ = {isa = PBXBuildFile; fileRef = 9D8BDFAB1CB051F900BF969D /* asparagus.png */; };
		ADC7148A1C82448400260F56 /* main.m in Sources */ = {isa = PBXBuildFile; fileRef = ADC714891C82448400260F56 /* main.m */; };
		ADC7148D1C82448400260F56 /* AppDelegate.m in Sources */ = {isa = PBXBuildFile; fileRef = ADC7148C1C82448400260F56 /* AppDelegate.m */; };
		ADC714901C82448400260F56 /* ViewController.m in Sources */ = {isa = PBXBuildFile; fileRef = ADC7148F1C82448400260F56 /* ViewController.m */; };
		ADC714931C82448400260F56 /* Main.storyboard in Resources */ = {isa = PBXBuildFile; fileRef = ADC714911C82448400260F56 /* Main.storyboard */; };
		ADC714951C82448400260F56 /* Images.xcassets in Resources */ = {isa = PBXBuildFile; fileRef = ADC714941C82448400260F56 /* Images.xcassets */; };
		ADC714981C82448400260F56 /* LaunchScreen.xib in Resources */ = {isa = PBXBuildFile; fileRef = ADC714961C82448400260F56 /* LaunchScreen.xib */; };
		ADC714A41C82448400260F56 /* Garden_messaingaroundTests.m in Sources */ = {isa = PBXBuildFile; fileRef = ADC714A31C82448400260F56 /* Garden_messaingaroundTests.m */; };
		ADC714BE1C825AB800260F56 /* ViewControllerNewGarden.m in Sources */ = {isa = PBXBuildFile; fileRef = ADC714BD1C825AB800260F56 /* ViewControllerNewGarden.m */; };
		ADC714C31C82666100260F56 /* ViewControllerDisplayGarden.m in Sources */ = {isa = PBXBuildFile; fileRef = ADC714C21C82666100260F56 /* ViewControllerDisplayGarden.m */; };
/* End PBXBuildFile section */

/* Begin PBXContainerItemProxy section */
		ADC7149E1C82448400260F56 /* PBXContainerItemProxy */ = {
			isa = PBXContainerItemProxy;
			containerPortal = ADC7147C1C82448400260F56 /* Project object */;
			proxyType = 1;
			remoteGlobalIDString = ADC714831C82448400260F56;
			remoteInfo = Garden_messaingaround;
		};
/* End PBXContainerItemProxy section */

/* Begin PBXFileReference section */
		098F7CEC1CB068080015811B /* shovelBigClear.png */ = {isa = PBXFileReference; lastKnownFileType = image.png; path = shovelBigClear.png; sourceTree = "<group>"; };
		098F7CEE1CB0680D0015811B /* scaredTomato_100tall.png */ = {isa = PBXFileReference; lastKnownFileType = image.png; path = scaredTomato_100tall.png; sourceTree = "<group>"; };
		098F7CF01CB06F880015811B /* summer squash.png */ = {isa = PBXFileReference; lastKnownFileType = image.png; path = "summer squash.png"; sourceTree = "<group>"; };
		09B2A1561C94B54B0081D136 /* ViewControllerPlantViews.h */ = {isa = PBXFileReference; fileEncoding = 4; lastKnownFileType = sourcecode.c.h; path = ViewControllerPlantViews.h; sourceTree = "<group>"; };
		09B2A1571C94B54B0081D136 /* ViewControllerPlantViews.m */ = {isa = PBXFileReference; fileEncoding = 4; lastKnownFileType = sourcecode.c.objc; path = ViewControllerPlantViews.m; sourceTree = "<group>"; };
		09B2A1591C94C1C50081D136 /* ViewControllerNotes.h */ = {isa = PBXFileReference; fileEncoding = 4; lastKnownFileType = sourcecode.c.h; path = ViewControllerNotes.h; sourceTree = "<group>"; };
		09B2A15A1C94C1C50081D136 /* ViewControllerNotes.m */ = {isa = PBXFileReference; fileEncoding = 4; lastKnownFileType = sourcecode.c.objc; path = ViewControllerNotes.m; sourceTree = "<group>"; };
		09CE092E1CA6FBF300911F6C /* whiteCamera.png */ = {isa = PBXFileReference; lastKnownFileType = image.png; path = whiteCamera.png; sourceTree = "<group>"; };
		09CE092F1CA6FBF300911F6C /* whiteFacebook.png */ = {isa = PBXFileReference; lastKnownFileType = image.png; path = whiteFacebook.png; sourceTree = "<group>"; };
		09CE09301CA6FBF300911F6C /* whiteTwitter.png */ = {isa = PBXFileReference; lastKnownFileType = image.png; path = whiteTwitter.png; sourceTree = "<group>"; };
		09EB40121CBC572D00CBF75D /* cherry tomatoes.png */ = {isa = PBXFileReference; lastKnownFileType = image.png; path = "cherry tomatoes.png"; sourceTree = "<group>"; };
		09EB40131CBC572D00CBF75D /* hot pepper.png */ = {isa = PBXFileReference; lastKnownFileType = image.png; path = "hot pepper.png"; sourceTree = "<group>"; };
		09EB40141CBC572D00CBF75D /* marigold.png */ = {isa = PBXFileReference; lastKnownFileType = image.png; path = marigold.png; sourceTree = "<group>"; };
		09EB40151CBC572D00CBF75D /* nasturtium.png */ = {isa = PBXFileReference; lastKnownFileType = image.png; path = nasturtium.png; sourceTree = "<group>"; };
		09EB40161CBC572D00CBF75D /* paste tomato.png */ = {isa = PBXFileReference; lastKnownFileType = image.png; path = "paste tomato.png"; sourceTree = "<group>"; };
		09EB40171CBC572D00CBF75D /* romaine lettuce.png */ = {isa = PBXFileReference; lastKnownFileType = image.png; path = "romaine lettuce.png"; sourceTree = "<group>"; };
		09EB40181CBC572D00CBF75D /* zucchini.png */ = {isa = PBXFileReference; lastKnownFileType = image.png; path = zucchini.png; sourceTree = "<group>"; };
		09EB40201CBC58F600CBF75D /* bush beans.png */ = {isa = PBXFileReference; lastKnownFileType = image.png; path = "bush beans.png"; sourceTree = "<group>"; };
		09EB40221CBC5D4C00CBF75D /* beefsteak tomato.png */ = {isa = PBXFileReference; lastKnownFileType = image.png; path = "beefsteak tomato.png"; sourceTree = "<group>"; };
		110EC4E11CB09DEC008CD8D9 /* ViewControllerReminders.h */ = {isa = PBXFileReference; fileEncoding = 4; lastKnownFileType = sourcecode.c.h; path = ViewControllerReminders.h; sourceTree = "<group>"; };
		110EC4E21CB09DEC008CD8D9 /* ViewControllerReminders.m */ = {isa = PBXFileReference; fileEncoding = 4; lastKnownFileType = sourcecode.c.objc; path = ViewControllerReminders.m; sourceTree = "<group>"; };
		116827FB1CA073EB00BD03FF /* ViewControllerEditAlarm.h */ = {isa = PBXFileReference; fileEncoding = 4; lastKnownFileType = sourcecode.c.h; path = ViewControllerEditAlarm.h; sourceTree = "<group>"; };
		116827FC1CA073EB00BD03FF /* ViewControllerEditAlarm.m */ = {isa = PBXFileReference; fileEncoding = 4; lastKnownFileType = sourcecode.c.objc; path = ViewControllerEditAlarm.m; sourceTree = "<group>"; };
		11B3F59B1CA06CC900D5F8D5 /* AVFoundation.framework */ = {isa = PBXFileReference; lastKnownFileType = wrapper.framework; name = AVFoundation.framework; path = System/Library/Frameworks/AVFoundation.framework; sourceTree = SDKROOT; };
		11B3F59D1CA06CD000D5F8D5 /* UIKit.framework */ = {isa = PBXFileReference; lastKnownFileType = wrapper.framework; name = UIKit.framework; path = System/Library/Frameworks/UIKit.framework; sourceTree = SDKROOT; };
		11B3F59F1CA06CE100D5F8D5 /* Foundation.framework */ = {isa = PBXFileReference; lastKnownFileType = wrapper.framework; name = Foundation.framework; path = System/Library/Frameworks/Foundation.framework; sourceTree = SDKROOT; };
		11B3F5A11CA06CE800D5F8D5 /* CoreGraphics.framework */ = {isa = PBXFileReference; lastKnownFileType = wrapper.framework; name = CoreGraphics.framework; path = System/Library/Frameworks/CoreGraphics.framework; sourceTree = SDKROOT; };
		11E3221D1CAA0C2E00C5F4E7 /* timerBig2.png */ = {isa = PBXFileReference; lastKnownFileType = image.png; path = timerBig2.png; sourceTree = "<group>"; };
		11E3221E1CAA0C2E00C5F4E7 /* gardenBig2.png */ = {isa = PBXFileReference; lastKnownFileType = image.png; path = gardenBig2.png; sourceTree = "<group>"; };
		11E3221F1CAA0C2E00C5F4E7 /* notesBig2.png */ = {isa = PBXFileReference; lastKnownFileType = image.png; path = notesBig2.png; sourceTree = "<group>"; };
		85918F361CA5C2F500591415 /* NotificationCenter.framework */ = {isa = PBXFileReference; lastKnownFileType = wrapper.framework; name = NotificationCenter.framework; path = System/Library/Frameworks/NotificationCenter.framework; sourceTree = SDKROOT; };
		85918F3B1CA5D44200591415 /* gardenAlarm.h */ = {isa = PBXFileReference; fileEncoding = 4; lastKnownFileType = sourcecode.c.h; path = gardenAlarm.h; sourceTree = "<group>"; };
		85918F3C1CA5D44200591415 /* gardenAlarm.m */ = {isa = PBXFileReference; fileEncoding = 4; lastKnownFileType = sourcecode.c.objc; path = gardenAlarm.m; sourceTree = "<group>"; };
		85918F3E1CA5F3B900591415 /* Social.framework */ = {isa = PBXFileReference; lastKnownFileType = wrapper.framework; name = Social.framework; path = System/Library/Frameworks/Social.framework; sourceTree = SDKROOT; };
		85A5CF9E1CB03749007B74FA /* PlantData.h */ = {isa = PBXFileReference; fileEncoding = 4; lastKnownFileType = sourcecode.c.h; path = PlantData.h; sourceTree = "<group>"; };
		85A5CF9F1CB03749007B74FA /* PlantData.m */ = {isa = PBXFileReference; fileEncoding = 4; lastKnownFileType = sourcecode.c.objc; path = PlantData.m; sourceTree = "<group>"; };
		85A5CFA11CB07C2E007B74FA /* swiss chard.png */ = {isa = PBXFileReference; lastKnownFileType = image.png; path = "swiss chard.png"; sourceTree = "<group>"; };
		85AE250B1C83D56C001828C0 /* GardenObject.h */ = {isa = PBXFileReference; fileEncoding = 4; lastKnownFileType = sourcecode.c.h; path = GardenObject.h; sourceTree = "<group>"; };
		85AE250C1C83D56C001828C0 /* GardenObject.m */ = {isa = PBXFileReference; fileEncoding = 4; lastKnownFileType = sourcecode.c.objc; path = GardenObject.m; sourceTree = "<group>"; };
		85AE250D1C83D56C001828C0 /* PlantObject.h */ = {isa = PBXFileReference; fileEncoding = 4; lastKnownFileType = sourcecode.c.h; path = PlantObject.h; sourceTree = "<group>"; };
		85AE250E1C83D56C001828C0 /* PlantObject.m */ = {isa = PBXFileReference; fileEncoding = 4; lastKnownFileType = sourcecode.c.objc; path = PlantObject.m; sourceTree = "<group>"; };
		85AE25171C83DB2F001828C0 /* GloablObjects.h */ = {isa = PBXFileReference; fileEncoding = 4; lastKnownFileType = sourcecode.c.h; path = GloablObjects.h; sourceTree = "<group>"; };
		85AE25181C83DB2F001828C0 /* GloablObjects.m */ = {isa = PBXFileReference; fileEncoding = 4; lastKnownFileType = sourcecode.c.objc; path = GloablObjects.m; sourceTree = "<group>"; };
		95B8E7AD1C96429100904A96 /* gardenIconBlack.png */ = {isa = PBXFileReference; lastKnownFileType = image.png; path = gardenIconBlack.png; sourceTree = "<group>"; };
		95C8B4151C9630F400057F9A /* dirt3brown.png */ = {isa = PBXFileReference; lastKnownFileType = image.png; path = dirt3brown.png; sourceTree = "<group>"; };
		95F51EC41C96437A00800259 /* note.png */ = {isa = PBXFileReference; lastKnownFileType = image.png; path = note.png; sourceTree = "<group>"; };
		95F51EC61C96438300800259 /* reminderBlack.png */ = {isa = PBXFileReference; lastKnownFileType = image.png; path = reminderBlack.png; sourceTree = "<group>"; };
		95F51EC81C96447300800259 /* noteSmall.png */ = {isa = PBXFileReference; lastKnownFileType = image.png; path = noteSmall.png; sourceTree = "<group>"; };
		9D6549611C88AD4200841A24 /* plantDataReal.json */ = {isa = PBXFileReference; fileEncoding = 4; lastKnownFileType = text.json; path = plantDataReal.json; sourceTree = "<group>"; };
		9D6549651C88BAF400841A24 /* basil.png */ = {isa = PBXFileReference; lastKnownFileType = image.png; path = basil.png; sourceTree = "<group>"; };
		9D6549661C88BAF400841A24 /* pole beans.png */ = {isa = PBXFileReference; lastKnownFileType = image.png; path = "pole beans.png"; sourceTree = "<group>"; };
		9D6549681C88BAF400841A24 /* beet.png */ = {isa = PBXFileReference; lastKnownFileType = image.png; path = beet.png; sourceTree = "<group>"; };
		9D6549691C88BAF400841A24 /* beets.png */ = {isa = PBXFileReference; lastKnownFileType = image.png; path = beets.png; sourceTree = "<group>"; };
		9D65496A1C88BAF400841A24 /* broccoli.png */ = {isa = PBXFileReference; lastKnownFileType = image.png; path = broccoli.png; sourceTree = "<group>"; };
		9D65496B1C88BAF400841A24 /* cabbage.png */ = {isa = PBXFileReference; lastKnownFileType = image.png; path = cabbage.png; sourceTree = "<group>"; };
		9D65496C1C88BAF400841A24 /* carrot.png */ = {isa = PBXFileReference; lastKnownFileType = image.png; path = carrot.png; sourceTree = "<group>"; };
		9D65496D1C88BAF400841A24 /* carrots.png */ = {isa = PBXFileReference; lastKnownFileType = image.png; path = carrots.png; sourceTree = "<group>"; };
		9D65496E1C88BAF400841A24 /* cauliflower.png */ = {isa = PBXFileReference; lastKnownFileType = image.png; path = cauliflower.png; sourceTree = "<group>"; };
		9D65496F1C88BAF400841A24 /* chives.png */ = {isa = PBXFileReference; lastKnownFileType = image.png; path = chives.png; sourceTree = "<group>"; };
		9D6549701C88BAF400841A24 /* cilantro.png */ = {isa = PBXFileReference; lastKnownFileType = image.png; path = cilantro.png; sourceTree = "<group>"; };
		9D6549711C88BAF400841A24 /* corn.png */ = {isa = PBXFileReference; lastKnownFileType = image.png; path = corn.png; sourceTree = "<group>"; };
		9D6549721C88BAF400841A24 /* cucumber.png */ = {isa = PBXFileReference; lastKnownFileType = image.png; path = cucumber.png; sourceTree = "<group>"; };
		9D6549731C88BAF400841A24 /* egg-plant.png */ = {isa = PBXFileReference; lastKnownFileType = image.png; path = "egg-plant.png"; sourceTree = "<group>"; };
		9D6549741C88BAF400841A24 /* eggplant.png */ = {isa = PBXFileReference; lastKnownFileType = image.png; path = eggplant.png; sourceTree = "<group>"; };
		9D6549751C88BAF400841A24 /* leaf lettuce.png */ = {isa = PBXFileReference; lastKnownFileType = image.png; path = "leaf lettuce.png"; sourceTree = "<group>"; };
		9D6549761C88BAF400841A24 /* mint.png */ = {isa = PBXFileReference; lastKnownFileType = image.png; path = mint.png; sourceTree = "<group>"; };
		9D6549771C88BAF400841A24 /* muskmelon.png */ = {isa = PBXFileReference; lastKnownFileType = image.png; path = muskmelon.png; sourceTree = "<group>"; };
		9D6549781C88BAF400841A24 /* okra.png */ = {isa = PBXFileReference; lastKnownFileType = image.png; path = okra.png; sourceTree = "<group>"; };
		9D6549791C88BAF400841A24 /* onion.png */ = {isa = PBXFileReference; lastKnownFileType = image.png; path = onion.png; sourceTree = "<group>"; };
		9D65497A1C88BAF400841A24 /* oregano.png */ = {isa = PBXFileReference; lastKnownFileType = image.png; path = oregano.png; sourceTree = "<group>"; };
		9D65497B1C88BAF400841A24 /* parsley.png */ = {isa = PBXFileReference; lastKnownFileType = image.png; path = parsley.png; sourceTree = "<group>"; };
		9D65497C1C88BAF400841A24 /* peas.png */ = {isa = PBXFileReference; lastKnownFileType = image.png; path = peas.png; sourceTree = "<group>"; };
		9D65497D1C88BAF400841A24 /* bell pepper.png */ = {isa = PBXFileReference; lastKnownFileType = image.png; path = "bell pepper.png"; sourceTree = "<group>"; };
		9D65497E1C88BAF400841A24 /* potato.png */ = {isa = PBXFileReference; lastKnownFileType = image.png; path = potato.png; sourceTree = "<group>"; };
		9D65497F1C88BAF400841A24 /* radish.png */ = {isa = PBXFileReference; lastKnownFileType = image.png; path = radish.png; sourceTree = "<group>"; };
		9D6549801C88BAF400841A24 /* spinach.png */ = {isa = PBXFileReference; lastKnownFileType = image.png; path = spinach.png; sourceTree = "<group>"; };
		9D6549811C88BAF400841A24 /* strawberries.png */ = {isa = PBXFileReference; lastKnownFileType = image.png; path = strawberries.png; sourceTree = "<group>"; };
		9D6549871C88BAF400841A24 /* beefsteak tomato.png */ = {isa = PBXFileReference; lastKnownFileType = image.png; path = "beefsteak tomato.png"; sourceTree = "<group>"; };
		9D6549881C88BAF400841A24 /* watermelon.png */ = {isa = PBXFileReference; lastKnownFileType = image.png; path = watermelon.png; sourceTree = "<group>"; };
		9D6549891C88BAF400841A24 /* winter squash.png */ = {isa = PBXFileReference; lastKnownFileType = image.png; path = "winter squash.png"; sourceTree = "<group>"; };
		9D8BDFAB1CB051F900BF969D /* asparagus.png */ = {isa = PBXFileReference; lastKnownFileType = image.png; path = asparagus.png; sourceTree = "<group>"; };
		ADC714841C82448400260F56 /* Garden_messaingaround.app */ = {isa = PBXFileReference; explicitFileType = wrapper.application; includeInIndex = 0; path = Garden_messaingaround.app; sourceTree = BUILT_PRODUCTS_DIR; };
		ADC714881C82448400260F56 /* Info.plist */ = {isa = PBXFileReference; lastKnownFileType = text.plist.xml; path = Info.plist; sourceTree = "<group>"; };
		ADC714891C82448400260F56 /* main.m */ = {isa = PBXFileReference; lastKnownFileType = sourcecode.c.objc; path = main.m; sourceTree = "<group>"; };
		ADC7148B1C82448400260F56 /* AppDelegate.h */ = {isa = PBXFileReference; lastKnownFileType = sourcecode.c.h; path = AppDelegate.h; sourceTree = "<group>"; };
		ADC7148C1C82448400260F56 /* AppDelegate.m */ = {isa = PBXFileReference; lastKnownFileType = sourcecode.c.objc; path = AppDelegate.m; sourceTree = "<group>"; };
		ADC7148E1C82448400260F56 /* ViewController.h */ = {isa = PBXFileReference; lastKnownFileType = sourcecode.c.h; path = ViewController.h; sourceTree = "<group>"; };
		ADC7148F1C82448400260F56 /* ViewController.m */ = {isa = PBXFileReference; lastKnownFileType = sourcecode.c.objc; path = ViewController.m; sourceTree = "<group>"; };
		ADC714921C82448400260F56 /* Base */ = {isa = PBXFileReference; lastKnownFileType = file.storyboard; name = Base; path = Base.lproj/Main.storyboard; sourceTree = "<group>"; };
		ADC714941C82448400260F56 /* Images.xcassets */ = {isa = PBXFileReference; lastKnownFileType = folder.assetcatalog; path = Images.xcassets; sourceTree = "<group>"; };
		ADC714971C82448400260F56 /* Base */ = {isa = PBXFileReference; lastKnownFileType = file.xib; name = Base; path = Base.lproj/LaunchScreen.xib; sourceTree = "<group>"; };
		ADC7149D1C82448400260F56 /* Garden_messaingaroundTests.xctest */ = {isa = PBXFileReference; explicitFileType = wrapper.cfbundle; includeInIndex = 0; path = Garden_messaingaroundTests.xctest; sourceTree = BUILT_PRODUCTS_DIR; };
		ADC714A21C82448400260F56 /* Info.plist */ = {isa = PBXFileReference; lastKnownFileType = text.plist.xml; path = Info.plist; sourceTree = "<group>"; };
		ADC714A31C82448400260F56 /* Garden_messaingaroundTests.m */ = {isa = PBXFileReference; lastKnownFileType = sourcecode.c.objc; path = Garden_messaingaroundTests.m; sourceTree = "<group>"; };
		ADC714BC1C825AB800260F56 /* ViewControllerNewGarden.h */ = {isa = PBXFileReference; fileEncoding = 4; lastKnownFileType = sourcecode.c.h; path = ViewControllerNewGarden.h; sourceTree = "<group>"; };
		ADC714BD1C825AB800260F56 /* ViewControllerNewGarden.m */ = {isa = PBXFileReference; fileEncoding = 4; lastKnownFileType = sourcecode.c.objc; path = ViewControllerNewGarden.m; sourceTree = "<group>"; };
		ADC714BF1C8261CD00260F56 /* ViewControllerDisplayGarden.h */ = {isa = PBXFileReference; fileEncoding = 4; lastKnownFileType = sourcecode.c.h; path = ViewControllerDisplayGarden.h; sourceTree = "<group>"; };
		ADC714C21C82666100260F56 /* ViewControllerDisplayGarden.m */ = {isa = PBXFileReference; fileEncoding = 4; lastKnownFileType = sourcecode.c.objc; path = ViewControllerDisplayGarden.m; sourceTree = "<group>"; };
/* End PBXFileReference section */

/* Begin PBXFrameworksBuildPhase section */
		ADC714811C82448400260F56 /* Frameworks */ = {
			isa = PBXFrameworksBuildPhase;
			buildActionMask = 2147483647;
			files = (
				85918F3F1CA5F3B900591415 /* Social.framework in Frameworks */,
				85918F371CA5C2F500591415 /* NotificationCenter.framework in Frameworks */,
				11B3F5A21CA06CE800D5F8D5 /* CoreGraphics.framework in Frameworks */,
				11B3F5A01CA06CE100D5F8D5 /* Foundation.framework in Frameworks */,
				11B3F59E1CA06CD000D5F8D5 /* UIKit.framework in Frameworks */,
				11B3F59C1CA06CC900D5F8D5 /* AVFoundation.framework in Frameworks */,
			);
			runOnlyForDeploymentPostprocessing = 0;
		};
		ADC7149A1C82448400260F56 /* Frameworks */ = {
			isa = PBXFrameworksBuildPhase;
			buildActionMask = 2147483647;
			files = (
			);
			runOnlyForDeploymentPostprocessing = 0;
		};
/* End PBXFrameworksBuildPhase section */

/* Begin PBXGroup section */
		11B3F5A31CA06D0900D5F8D5 /* frameworks */ = {
			isa = PBXGroup;
			children = (
				11B3F5A11CA06CE800D5F8D5 /* CoreGraphics.framework */,
				11B3F59F1CA06CE100D5F8D5 /* Foundation.framework */,
				11B3F59D1CA06CD000D5F8D5 /* UIKit.framework */,
				11B3F59B1CA06CC900D5F8D5 /* AVFoundation.framework */,
			);
			name = frameworks;
			sourceTree = "<group>";
		};
		9552DED81C880DEC00633FBE /* plantImages */ = {
			isa = PBXGroup;
			children = (
				09EB40121CBC572D00CBF75D /* cherry tomatoes.png */,
				09EB40131CBC572D00CBF75D /* hot pepper.png */,
				09EB40141CBC572D00CBF75D /* marigold.png */,
				09EB40151CBC572D00CBF75D /* nasturtium.png */,
				09EB40161CBC572D00CBF75D /* paste tomato.png */,
				09EB40171CBC572D00CBF75D /* romaine lettuce.png */,
				09EB40181CBC572D00CBF75D /* zucchini.png */,
				9D8BDFAB1CB051F900BF969D /* asparagus.png */,
				9D6549651C88BAF400841A24 /* basil.png */,
				09EB40201CBC58F600CBF75D /* bush beans.png */,
				09EB40221CBC5D4C00CBF75D /* beefsteak tomato.png */,
				9D6549661C88BAF400841A24 /* pole beans.png */,
				9D6549681C88BAF400841A24 /* beet.png */,
				9D6549691C88BAF400841A24 /* beets.png */,
				9D65496A1C88BAF400841A24 /* broccoli.png */,
				9D65496B1C88BAF400841A24 /* cabbage.png */,
				9D65496C1C88BAF400841A24 /* carrot.png */,
				9D65496D1C88BAF400841A24 /* carrots.png */,
				9D65496E1C88BAF400841A24 /* cauliflower.png */,
				9D65496F1C88BAF400841A24 /* chives.png */,
				9D6549701C88BAF400841A24 /* cilantro.png */,
				9D6549711C88BAF400841A24 /* corn.png */,
				9D6549721C88BAF400841A24 /* cucumber.png */,
				95C8B4151C9630F400057F9A /* dirt3brown.png */,
				9D6549731C88BAF400841A24 /* egg-plant.png */,
				9D6549741C88BAF400841A24 /* eggplant.png */,
				11E3221E1CAA0C2E00C5F4E7 /* gardenBig2.png */,
				95B8E7AD1C96429100904A96 /* gardenIconBlack.png */,
				9D6549751C88BAF400841A24 /* leaf lettuce.png */,
				9D6549761C88BAF400841A24 /* mint.png */,
				9D6549771C88BAF400841A24 /* muskmelon.png */,
				95F51EC41C96437A00800259 /* note.png */,
				11E3221F1CAA0C2E00C5F4E7 /* notesBig2.png */,
				95F51EC81C96447300800259 /* noteSmall.png */,
				9D6549781C88BAF400841A24 /* okra.png */,
				9D6549791C88BAF400841A24 /* onion.png */,
				9D65497A1C88BAF400841A24 /* oregano.png */,
				9D65497B1C88BAF400841A24 /* parsley.png */,
				9D65497C1C88BAF400841A24 /* peas.png */,
				9D65497D1C88BAF400841A24 /* bell pepper.png */,
				9D65497E1C88BAF400841A24 /* potato.png */,
				9D65497F1C88BAF400841A24 /* radish.png */,
				95F51EC61C96438300800259 /* reminderBlack.png */,
				098F7CEE1CB0680D0015811B /* scaredTomato_100tall.png */,
				098F7CEC1CB068080015811B /* shovelBigClear.png */,
				9D6549801C88BAF400841A24 /* spinach.png */,
				85A5CFA11CB07C2E007B74FA /* swiss chard.png */,
				9D6549811C88BAF400841A24 /* strawberries.png */,
				098F7CF01CB06F880015811B /* summer squash.png */,
				11E3221D1CAA0C2E00C5F4E7 /* timerBig2.png */,
				9D6549871C88BAF400841A24 /* beefsteak tomato.png */,
				9D6549881C88BAF400841A24 /* watermelon.png */,
				09CE092E1CA6FBF300911F6C /* whiteCamera.png */,
				09CE092F1CA6FBF300911F6C /* whiteFacebook.png */,
				09CE09301CA6FBF300911F6C /* whiteTwitter.png */,
				9D6549891C88BAF400841A24 /* winter squash.png */,
			);
			name = plantImages;
			sourceTree = "<group>";
		};
		ADC7147B1C82448400260F56 = {
			isa = PBXGroup;
			children = (
				85918F3E1CA5F3B900591415 /* Social.framework */,
				85918F361CA5C2F500591415 /* NotificationCenter.framework */,
				11B3F5A31CA06D0900D5F8D5 /* frameworks */,
				ADC714861C82448400260F56 /* Garden_messaingaround */,
				ADC714A01C82448400260F56 /* Garden_messaingaroundTests */,
				ADC714851C82448400260F56 /* Products */,
			);
			sourceTree = "<group>";
		};
		ADC714851C82448400260F56 /* Products */ = {
			isa = PBXGroup;
			children = (
				ADC714841C82448400260F56 /* Garden_messaingaround.app */,
				ADC7149D1C82448400260F56 /* Garden_messaingaroundTests.xctest */,
			);
			name = Products;
			sourceTree = "<group>";
		};
		ADC714861C82448400260F56 /* Garden_messaingaround */ = {
			isa = PBXGroup;
			children = (
				9552DED81C880DEC00633FBE /* plantImages */,
				9D6549611C88AD4200841A24 /* plantDataReal.json */,
				ADC714BF1C8261CD00260F56 /* ViewControllerDisplayGarden.h */,
				ADC714C21C82666100260F56 /* ViewControllerDisplayGarden.m */,
				ADC714BC1C825AB800260F56 /* ViewControllerNewGarden.h */,
				ADC714BD1C825AB800260F56 /* ViewControllerNewGarden.m */,
				09B2A1561C94B54B0081D136 /* ViewControllerPlantViews.h */,
				09B2A1571C94B54B0081D136 /* ViewControllerPlantViews.m */,
				09B2A1591C94C1C50081D136 /* ViewControllerNotes.h */,
				09B2A15A1C94C1C50081D136 /* ViewControllerNotes.m */,
				110EC4E11CB09DEC008CD8D9 /* ViewControllerReminders.h */,
				110EC4E21CB09DEC008CD8D9 /* ViewControllerReminders.m */,
				116827FB1CA073EB00BD03FF /* ViewControllerEditAlarm.h */,
				116827FC1CA073EB00BD03FF /* ViewControllerEditAlarm.m */,
				ADC7148E1C82448400260F56 /* ViewController.h */,
				ADC7148F1C82448400260F56 /* ViewController.m */,
				85AE250B1C83D56C001828C0 /* GardenObject.h */,
				85AE250C1C83D56C001828C0 /* GardenObject.m */,
				85AE250D1C83D56C001828C0 /* PlantObject.h */,
				85AE250E1C83D56C001828C0 /* PlantObject.m */,
				85918F3B1CA5D44200591415 /* gardenAlarm.h */,
				85918F3C1CA5D44200591415 /* gardenAlarm.m */,
				ADC7148B1C82448400260F56 /* AppDelegate.h */,
				ADC7148C1C82448400260F56 /* AppDelegate.m */,
				85AE25171C83DB2F001828C0 /* GloablObjects.h */,
				85AE25181C83DB2F001828C0 /* GloablObjects.m */,
				85A5CF9E1CB03749007B74FA /* PlantData.h */,
				85A5CF9F1CB03749007B74FA /* PlantData.m */,
				ADC714911C82448400260F56 /* Main.storyboard */,
				ADC714941C82448400260F56 /* Images.xcassets */,
				ADC714961C82448400260F56 /* LaunchScreen.xib */,
				ADC714871C82448400260F56 /* Supporting Files */,
			);
			path = Garden_messaingaround;
			sourceTree = "<group>";
		};
		ADC714871C82448400260F56 /* Supporting Files */ = {
			isa = PBXGroup;
			children = (
				ADC714881C82448400260F56 /* Info.plist */,
				ADC714891C82448400260F56 /* main.m */,
			);
			name = "Supporting Files";
			sourceTree = "<group>";
		};
		ADC714A01C82448400260F56 /* Garden_messaingaroundTests */ = {
			isa = PBXGroup;
			children = (
				ADC714A31C82448400260F56 /* Garden_messaingaroundTests.m */,
				ADC714A11C82448400260F56 /* Supporting Files */,
			);
			path = Garden_messaingaroundTests;
			sourceTree = "<group>";
		};
		ADC714A11C82448400260F56 /* Supporting Files */ = {
			isa = PBXGroup;
			children = (
				ADC714A21C82448400260F56 /* Info.plist */,
			);
			name = "Supporting Files";
			sourceTree = "<group>";
		};
/* End PBXGroup section */

/* Begin PBXNativeTarget section */
		ADC714831C82448400260F56 /* Garden_messaingaround */ = {
			isa = PBXNativeTarget;
			buildConfigurationList = ADC714A71C82448400260F56 /* Build configuration list for PBXNativeTarget "Garden_messaingaround" */;
			buildPhases = (
				ADC714801C82448400260F56 /* Sources */,
				ADC714811C82448400260F56 /* Frameworks */,
				ADC714821C82448400260F56 /* Resources */,
			);
			buildRules = (
			);
			dependencies = (
			);
			name = Garden_messaingaround;
			productName = Garden_messaingaround;
			productReference = ADC714841C82448400260F56 /* Garden_messaingaround.app */;
			productType = "com.apple.product-type.application";
		};
		ADC7149C1C82448400260F56 /* Garden_messaingaroundTests */ = {
			isa = PBXNativeTarget;
			buildConfigurationList = ADC714AA1C82448400260F56 /* Build configuration list for PBXNativeTarget "Garden_messaingaroundTests" */;
			buildPhases = (
				ADC714991C82448400260F56 /* Sources */,
				ADC7149A1C82448400260F56 /* Frameworks */,
				ADC7149B1C82448400260F56 /* Resources */,
			);
			buildRules = (
			);
			dependencies = (
				ADC7149F1C82448400260F56 /* PBXTargetDependency */,
			);
			name = Garden_messaingaroundTests;
			productName = Garden_messaingaroundTests;
			productReference = ADC7149D1C82448400260F56 /* Garden_messaingaroundTests.xctest */;
			productType = "com.apple.product-type.bundle.unit-test";
		};
/* End PBXNativeTarget section */

/* Begin PBXProject section */
		ADC7147C1C82448400260F56 /* Project object */ = {
			isa = PBXProject;
			attributes = {
				LastUpgradeCheck = 0640;
				ORGANIZATIONNAME = "wyatt grant";
				TargetAttributes = {
					ADC714831C82448400260F56 = {
						CreatedOnToolsVersion = 6.4;
						DevelopmentTeam = 9Y4E3432MY;
					};
					ADC7149C1C82448400260F56 = {
						CreatedOnToolsVersion = 6.4;
						TestTargetID = ADC714831C82448400260F56;
					};
				};
			};
			buildConfigurationList = ADC7147F1C82448400260F56 /* Build configuration list for PBXProject "Garden_messaingaround" */;
			compatibilityVersion = "Xcode 3.2";
			developmentRegion = English;
			hasScannedForEncodings = 0;
			knownRegions = (
				en,
				Base,
			);
			mainGroup = ADC7147B1C82448400260F56;
			productRefGroup = ADC714851C82448400260F56 /* Products */;
			projectDirPath = "";
			projectRoot = "";
			targets = (
				ADC714831C82448400260F56 /* Garden_messaingaround */,
				ADC7149C1C82448400260F56 /* Garden_messaingaroundTests */,
			);
		};
/* End PBXProject section */

/* Begin PBXResourcesBuildPhase section */
		ADC714821C82448400260F56 /* Resources */ = {
			isa = PBXResourcesBuildPhase;
			buildActionMask = 2147483647;
			files = (
				95F51EC51C96437A00800259 /* note.png in Resources */,
				09CE09331CA6FBF300911F6C /* whiteTwitter.png in Resources */,
				9D65499C1C88BAF400841A24 /* eggplant.png in Resources */,
				9D6549621C88AD4200841A24 /* plantDataReal.json in Resources */,
				098F7CED1CB068080015811B /* shovelBigClear.png in Resources */,
				85A5CFA21CB07C2E007B74FA /* swiss chard.png in Resources */,
				9D6549A41C88BAF400841A24 /* peas.png in Resources */,
				09CE09321CA6FBF300911F6C /* whiteFacebook.png in Resources */,
				9D65499B1C88BAF400841A24 /* egg-plant.png in Resources */,
				9D6549A61C88BAF400841A24 /* potato.png in Resources */,
				9D6549951C88BAF400841A24 /* carrots.png in Resources */,
				9D8BDFAC1CB051F900BF969D /* asparagus.png in Resources */,
				9D6549A71C88BAF400841A24 /* radish.png in Resources */,
				9D65498D1C88BAF400841A24 /* basil.png in Resources */,
				ADC714931C82448400260F56 /* Main.storyboard in Resources */,
				09EB401E1CBC572D00CBF75D /* romaine lettuce.png in Resources */,
				09EB401D1CBC572D00CBF75D /* paste tomato.png in Resources */,
				9D6549941C88BAF400841A24 /* carrot.png in Resources */,
				9D6549A01C88BAF400841A24 /* okra.png in Resources */,
				95B8E7AE1C96429100904A96 /* gardenIconBlack.png in Resources */,
				95C8B4161C9630F400057F9A /* dirt3brown.png in Resources */,
				9D6549A81C88BAF400841A24 /* spinach.png in Resources */,
				09EB401F1CBC572D00CBF75D /* zucchini.png in Resources */,
				9D6549971C88BAF400841A24 /* chives.png in Resources */,
				9D6549991C88BAF400841A24 /* corn.png in Resources */,
				9D6549A31C88BAF400841A24 /* parsley.png in Resources */,
				11E322201CAA0C2E00C5F4E7 /* timerBig2.png in Resources */,
				09EB40191CBC572D00CBF75D /* cherry tomatoes.png in Resources */,
				09EB40211CBC58F600CBF75D /* bush beans.png in Resources */,
				09CE09311CA6FBF300911F6C /* whiteCamera.png in Resources */,
				09EB401A1CBC572D00CBF75D /* hot pepper.png in Resources */,
				9D6549901C88BAF400841A24 /* beet.png in Resources */,
				9D6549A11C88BAF400841A24 /* onion.png in Resources */,
				9D6549B01C88BAF400841A24 /* watermelon.png in Resources */,
				9D65498E1C88BAF400841A24 /* pole beans.png in Resources */,
				9D6549921C88BAF400841A24 /* broccoli.png in Resources */,
				09EB401C1CBC572D00CBF75D /* nasturtium.png in Resources */,
				09EB40231CBC5D4C00CBF75D /* beefsteak tomato.png in Resources */,
				9D65499E1C88BAF400841A24 /* mint.png in Resources */,
				9D6549B11C88BAF400841A24 /* winter squash.png in Resources */,
				95F51EC91C96447300800259 /* noteSmall.png in Resources */,
				11E322211CAA0C2E00C5F4E7 /* gardenBig2.png in Resources */,
				098F7CF11CB06F880015811B /* summer squash.png in Resources */,
				9D6549A91C88BAF400841A24 /* strawberries.png in Resources */,
				11E322221CAA0C2E00C5F4E7 /* notesBig2.png in Resources */,
				9D6549961C88BAF400841A24 /* cauliflower.png in Resources */,
				9D65499D1C88BAF400841A24 /* leaf lettuce.png in Resources */,
				9D65499F1C88BAF400841A24 /* muskmelon.png in Resources */,
				9D6549981C88BAF400841A24 /* cilantro.png in Resources */,
				098F7CEF1CB0680D0015811B /* scaredTomato_100tall.png in Resources */,
				95F51EC71C96438300800259 /* reminderBlack.png in Resources */,
				09EB401B1CBC572D00CBF75D /* marigold.png in Resources */,
				9D6549A21C88BAF400841A24 /* oregano.png in Resources */,
				9D6549A51C88BAF400841A24 /* bell pepper.png in Resources */,
				9D6549931C88BAF400841A24 /* cabbage.png in Resources */,
				9D6549911C88BAF400841A24 /* beets.png in Resources */,
				ADC714981C82448400260F56 /* LaunchScreen.xib in Resources */,
				ADC714951C82448400260F56 /* Images.xcassets in Resources */,
				9D65499A1C88BAF400841A24 /* cucumber.png in Resources */,
				9D6549AF1C88BAF400841A24 /* beefsteak tomato.png in Resources */,
			);
			runOnlyForDeploymentPostprocessing = 0;
		};
		ADC7149B1C82448400260F56 /* Resources */ = {
			isa = PBXResourcesBuildPhase;
			buildActionMask = 2147483647;
			files = (
			);
			runOnlyForDeploymentPostprocessing = 0;
		};
/* End PBXResourcesBuildPhase section */

/* Begin PBXSourcesBuildPhase section */
		ADC714801C82448400260F56 /* Sources */ = {
			isa = PBXSourcesBuildPhase;
			buildActionMask = 2147483647;
			files = (
				ADC714BE1C825AB800260F56 /* ViewControllerNewGarden.m in Sources */,
				85A5CFA01CB03749007B74FA /* PlantData.m in Sources */,
				85AE25101C83D56C001828C0 /* PlantObject.m in Sources */,
				09B2A15B1C94C1C50081D136 /* ViewControllerNotes.m in Sources */,
				110EC4E31CB09DEC008CD8D9 /* ViewControllerReminders.m in Sources */,
				116827FD1CA073EB00BD03FF /* ViewControllerEditAlarm.m in Sources */,
				85918F3D1CA5D44200591415 /* gardenAlarm.m in Sources */,
				ADC714C31C82666100260F56 /* ViewControllerDisplayGarden.m in Sources */,
				09B2A1581C94B54B0081D136 /* ViewControllerPlantViews.m in Sources */,
				ADC714901C82448400260F56 /* ViewController.m in Sources */,
				ADC7148D1C82448400260F56 /* AppDelegate.m in Sources */,
				85AE25191C83DB2F001828C0 /* GloablObjects.m in Sources */,
				ADC7148A1C82448400260F56 /* main.m in Sources */,
				85AE250F1C83D56C001828C0 /* GardenObject.m in Sources */,
			);
			runOnlyForDeploymentPostprocessing = 0;
		};
		ADC714991C82448400260F56 /* Sources */ = {
			isa = PBXSourcesBuildPhase;
			buildActionMask = 2147483647;
			files = (
				ADC714A41C82448400260F56 /* Garden_messaingaroundTests.m in Sources */,
			);
			runOnlyForDeploymentPostprocessing = 0;
		};
/* End PBXSourcesBuildPhase section */

/* Begin PBXTargetDependency section */
		ADC7149F1C82448400260F56 /* PBXTargetDependency */ = {
			isa = PBXTargetDependency;
			target = ADC714831C82448400260F56 /* Garden_messaingaround */;
			targetProxy = ADC7149E1C82448400260F56 /* PBXContainerItemProxy */;
		};
/* End PBXTargetDependency section */

/* Begin PBXVariantGroup section */
		ADC714911C82448400260F56 /* Main.storyboard */ = {
			isa = PBXVariantGroup;
			children = (
				ADC714921C82448400260F56 /* Base */,
			);
			name = Main.storyboard;
			sourceTree = "<group>";
		};
		ADC714961C82448400260F56 /* LaunchScreen.xib */ = {
			isa = PBXVariantGroup;
			children = (
				ADC714971C82448400260F56 /* Base */,
			);
			name = LaunchScreen.xib;
			sourceTree = "<group>";
		};
/* End PBXVariantGroup section */

/* Begin XCBuildConfiguration section */
		ADC714A51C82448400260F56 /* Debug */ = {
			isa = XCBuildConfiguration;
			buildSettings = {
				ALWAYS_SEARCH_USER_PATHS = NO;
				CLANG_CXX_LANGUAGE_STANDARD = "gnu++0x";
				CLANG_CXX_LIBRARY = "libc++";
				CLANG_ENABLE_MODULES = YES;
				CLANG_ENABLE_OBJC_ARC = YES;
				CLANG_WARN_BOOL_CONVERSION = YES;
				CLANG_WARN_CONSTANT_CONVERSION = YES;
				CLANG_WARN_DIRECT_OBJC_ISA_USAGE = YES_ERROR;
				CLANG_WARN_EMPTY_BODY = YES;
				CLANG_WARN_ENUM_CONVERSION = YES;
				CLANG_WARN_INT_CONVERSION = YES;
				CLANG_WARN_OBJC_ROOT_CLASS = YES_ERROR;
				CLANG_WARN_UNREACHABLE_CODE = YES;
				CLANG_WARN__DUPLICATE_METHOD_MATCH = YES;
				"CODE_SIGN_IDENTITY[sdk=iphoneos*]" = "iPhone Developer";
				COPY_PHASE_STRIP = NO;
				DEBUG_INFORMATION_FORMAT = "dwarf-with-dsym";
				ENABLE_STRICT_OBJC_MSGSEND = YES;
				GCC_C_LANGUAGE_STANDARD = gnu99;
				GCC_DYNAMIC_NO_PIC = NO;
				GCC_NO_COMMON_BLOCKS = YES;
				GCC_OPTIMIZATION_LEVEL = 0;
				GCC_PREPROCESSOR_DEFINITIONS = (
					"DEBUG=1",
					"$(inherited)",
				);
				GCC_SYMBOLS_PRIVATE_EXTERN = NO;
				GCC_WARN_64_TO_32_BIT_CONVERSION = YES;
				GCC_WARN_ABOUT_RETURN_TYPE = YES_ERROR;
				GCC_WARN_UNDECLARED_SELECTOR = YES;
				GCC_WARN_UNINITIALIZED_AUTOS = YES_AGGRESSIVE;
				GCC_WARN_UNUSED_FUNCTION = YES;
				GCC_WARN_UNUSED_VARIABLE = YES;
				IPHONEOS_DEPLOYMENT_TARGET = 8.4;
				MTL_ENABLE_DEBUG_INFO = YES;
				ONLY_ACTIVE_ARCH = YES;
				SDKROOT = iphoneos;
				TARGETED_DEVICE_FAMILY = "1,2";
			};
			name = Debug;
		};
		ADC714A61C82448400260F56 /* Release */ = {
			isa = XCBuildConfiguration;
			buildSettings = {
				ALWAYS_SEARCH_USER_PATHS = NO;
				CLANG_CXX_LANGUAGE_STANDARD = "gnu++0x";
				CLANG_CXX_LIBRARY = "libc++";
				CLANG_ENABLE_MODULES = YES;
				CLANG_ENABLE_OBJC_ARC = YES;
				CLANG_WARN_BOOL_CONVERSION = YES;
				CLANG_WARN_CONSTANT_CONVERSION = YES;
				CLANG_WARN_DIRECT_OBJC_ISA_USAGE = YES_ERROR;
				CLANG_WARN_EMPTY_BODY = YES;
				CLANG_WARN_ENUM_CONVERSION = YES;
				CLANG_WARN_INT_CONVERSION = YES;
				CLANG_WARN_OBJC_ROOT_CLASS = YES_ERROR;
				CLANG_WARN_UNREACHABLE_CODE = YES;
				CLANG_WARN__DUPLICATE_METHOD_MATCH = YES;
				"CODE_SIGN_IDENTITY[sdk=iphoneos*]" = "iPhone Developer";
				COPY_PHASE_STRIP = NO;
				DEBUG_INFORMATION_FORMAT = "dwarf-with-dsym";
				ENABLE_NS_ASSERTIONS = NO;
				ENABLE_STRICT_OBJC_MSGSEND = YES;
				GCC_C_LANGUAGE_STANDARD = gnu99;
				GCC_NO_COMMON_BLOCKS = YES;
				GCC_WARN_64_TO_32_BIT_CONVERSION = YES;
				GCC_WARN_ABOUT_RETURN_TYPE = YES_ERROR;
				GCC_WARN_UNDECLARED_SELECTOR = YES;
				GCC_WARN_UNINITIALIZED_AUTOS = YES_AGGRESSIVE;
				GCC_WARN_UNUSED_FUNCTION = YES;
				GCC_WARN_UNUSED_VARIABLE = YES;
				IPHONEOS_DEPLOYMENT_TARGET = 8.4;
				MTL_ENABLE_DEBUG_INFO = NO;
				SDKROOT = iphoneos;
				TARGETED_DEVICE_FAMILY = "1,2";
				VALIDATE_PRODUCT = YES;
			};
			name = Release;
		};
		ADC714A81C82448400260F56 /* Debug */ = {
			isa = XCBuildConfiguration;
			buildSettings = {
				ASSETCATALOG_COMPILER_APPICON_NAME = AppIcon;
				CODE_SIGN_IDENTITY = "iPhone Developer: Qi Guo (A8X38E62YR)";
				"CODE_SIGN_IDENTITY[sdk=iphoneos*]" = "iPhone Developer: Qi Guo (A8X38E62YR)";
				INFOPLIST_FILE = Garden_messaingaround/Info.plist;
				IPHONEOS_DEPLOYMENT_TARGET = 8.2;
				LD_RUNPATH_SEARCH_PATHS = "$(inherited) @executable_path/Frameworks";
				PRODUCT_NAME = "$(TARGET_NAME)";
				TARGETED_DEVICE_FAMILY = 2;
			};
			name = Debug;
		};
		ADC714A91C82448400260F56 /* Release */ = {
			isa = XCBuildConfiguration;
			buildSettings = {
				ASSETCATALOG_COMPILER_APPICON_NAME = AppIcon;
				CODE_SIGN_IDENTITY = "iPhone Developer: Qi Guo (A8X38E62YR)";
				"CODE_SIGN_IDENTITY[sdk=iphoneos*]" = "iPhone Developer: Qi Guo (A8X38E62YR)";
				INFOPLIST_FILE = Garden_messaingaround/Info.plist;
				IPHONEOS_DEPLOYMENT_TARGET = 8.2;
				LD_RUNPATH_SEARCH_PATHS = "$(inherited) @executable_path/Frameworks";
				PRODUCT_NAME = "$(TARGET_NAME)";
				TARGETED_DEVICE_FAMILY = 2;
			};
			name = Release;
		};
		ADC714AB1C82448400260F56 /* Debug */ = {
			isa = XCBuildConfiguration;
			buildSettings = {
				BUNDLE_LOADER = "$(TEST_HOST)";
				FRAMEWORK_SEARCH_PATHS = (
					"$(SDKROOT)/Developer/Library/Frameworks",
					"$(inherited)",
				);
				GCC_PREPROCESSOR_DEFINITIONS = (
					"DEBUG=1",
					"$(inherited)",
				);
				INFOPLIST_FILE = Garden_messaingaroundTests/Info.plist;
				LD_RUNPATH_SEARCH_PATHS = "$(inherited) @executable_path/Frameworks @loader_path/Frameworks";
				PRODUCT_NAME = "$(TARGET_NAME)";
				TEST_HOST = "$(BUILT_PRODUCTS_DIR)/Garden_messaingaround.app/Garden_messaingaround";
			};
			name = Debug;
		};
		ADC714AC1C82448400260F56 /* Release */ = {
			isa = XCBuildConfiguration;
			buildSettings = {
				BUNDLE_LOADER = "$(TEST_HOST)";
				FRAMEWORK_SEARCH_PATHS = (
					"$(SDKROOT)/Developer/Library/Frameworks",
					"$(inherited)",
				);
				INFOPLIST_FILE = Garden_messaingaroundTests/Info.plist;
				LD_RUNPATH_SEARCH_PATHS = "$(inherited) @executable_path/Frameworks @loader_path/Frameworks";
				PRODUCT_NAME = "$(TARGET_NAME)";
				TEST_HOST = "$(BUILT_PRODUCTS_DIR)/Garden_messaingaround.app/Garden_messaingaround";
			};
			name = Release;
		};
/* End XCBuildConfiguration section */

/* Begin XCConfigurationList section */
		ADC7147F1C82448400260F56 /* Build configuration list for PBXProject "Garden_messaingaround" */ = {
			isa = XCConfigurationList;
			buildConfigurations = (
				ADC714A51C82448400260F56 /* Debug */,
				ADC714A61C82448400260F56 /* Release */,
			);
			defaultConfigurationIsVisible = 0;
			defaultConfigurationName = Release;
		};
		ADC714A71C82448400260F56 /* Build configuration list for PBXNativeTarget "Garden_messaingaround" */ = {
			isa = XCConfigurationList;
			buildConfigurations = (
				ADC714A81C82448400260F56 /* Debug */,
				ADC714A91C82448400260F56 /* Release */,
			);
			defaultConfigurationIsVisible = 0;
			defaultConfigurationName = Release;
		};
		ADC714AA1C82448400260F56 /* Build configuration list for PBXNativeTarget "Garden_messaingaroundTests" */ = {
			isa = XCConfigurationList;
			buildConfigurations = (
				ADC714AB1C82448400260F56 /* Debug */,
				ADC714AC1C82448400260F56 /* Release */,
			);
			defaultConfigurationIsVisible = 0;
			defaultConfigurationName = Release;
		};
/* End XCConfigurationList section */
	};
	rootObject = ADC7147C1C82448400260F56 /* Project object */;
}
